// !$*UTF8*$!
{
	archiveVersion = 1;
	classes = {
	};
	objectVersion = 70;
	objects = {

/* Begin PBXBuildFile section */
		131CF13A2F23C61E00D173CC /* ScanTimingTests.swift in Sources */ = {isa = PBXBuildFile; fileRef = 131CF1392F23C61E00D173CC /* ScanTimingTests.swift */; };
		132BDB592F1FCFAB00B012E2 /* Features/Scan/ScanQuality.swift in Sources */ = {isa = PBXBuildFile; fileRef = 132BDB582F1FCFAB00B012E2 /* Features/Scan/ScanQuality.swift */; };
		132BDB5A2F1FCFAB00B012E2 /* Features/Scan/ScanFlowState.swift in Sources */ = {isa = PBXBuildFile; fileRef = 132BDB572F1FCFAB00B012E2 /* Features/Scan/ScanFlowState.swift */; };
		132BDB5C2F1FD0AC00B012E2 /* ScanFlowStateTests.swift in Sources */ = {isa = PBXBuildFile; fileRef = 132BDB5B2F1FD0AC00B012E2 /* ScanFlowStateTests.swift */; };
		132BDB5E2F1FD71100B012E2 /* Features/Home/HomeCoordinator.swift in Sources */ = {isa = PBXBuildFile; fileRef = 132BDB5D2F1FD71000B012E2 /* Features/Home/HomeCoordinator.swift */; };
		132BDB622F1FD74300B012E2 /* Core/Utilities/UIView+Snapshot.swift in Sources */ = {isa = PBXBuildFile; fileRef = 132BDB612F1FD74300B012E2 /* Core/Utilities/UIView+Snapshot.swift */; };
		132BDB642F1FD83200B012E2 /* Features/Home/PreScanChecklistViewController.swift in Sources */ = {isa = PBXBuildFile; fileRef = 132BDB632F1FD83200B012E2 /* Features/Home/PreScanChecklistViewController.swift */; };
		132BDB672F1FD9D500B012E2 /* HomeCoordinatorTests.swift in Sources */ = {isa = PBXBuildFile; fileRef = 132BDB652F1FD9D500B012E2 /* HomeCoordinatorTests.swift */; };
		132BDB682F1FD9D500B012E2 /* PreviewCoordinatorTests.swift in Sources */ = {isa = PBXBuildFile; fileRef = 132BDB662F1FD9D500B012E2 /* PreviewCoordinatorTests.swift */; };
		132BDB6F2F1FD9D500B012E2 /* PreviewStoreTests.swift in Sources */ = {isa = PBXBuildFile; fileRef = 132BDB702F1FD9D500B012E2 /* PreviewStoreTests.swift */; };
		132BDB6B2F1FE78500B012E2 /* Resources/Localizable.strings in Resources */ = {isa = PBXBuildFile; fileRef = 132BDB692F1FE78500B012E2 /* Resources/Localizable.strings */; };
		132BDB6C2F1FE78500B012E2 /* Core/Utilities/Localization.swift in Sources */ = {isa = PBXBuildFile; fileRef = 132BDB6A2F1FE78500B012E2 /* Core/Utilities/Localization.swift */; };
		132BDB6E2F1FE8D500B012E2 /* AccessibilitySmokeTests.swift in Sources */ = {isa = PBXBuildFile; fileRef = 132BDB6D2F1FE8D500B012E2 /* AccessibilitySmokeTests.swift */; };
		132BDB912F1FFBFF00B012E2 /* Features/Home/HowToScanViewController.swift in Sources */ = {isa = PBXBuildFile; fileRef = 132BDB902F1FFBFF00B012E2 /* Features/Home/HowToScanViewController.swift */; };
		132BDB932F20023B00B012E2 /* PreviewCoordinatorExportTests.swift in Sources */ = {isa = PBXBuildFile; fileRef = 132BDB922F20023B00B012E2 /* PreviewCoordinatorExportTests.swift */; };
		1343F3DE2F2108370003238B /* MathAndFormattingTests.swift in Sources */ = {isa = PBXBuildFile; fileRef = 1343F3DD2F2108370003238B /* MathAndFormattingTests.swift */; };
		136674272F16AED100F7E18B /* App/SceneDelegate.swift in Sources */ = {isa = PBXBuildFile; fileRef = 136674262F16AED100F7E18B /* App/SceneDelegate.swift */; };
		136674292F1794DF00F7E18B /* Features/Home/ScanCardCell.swift in Sources */ = {isa = PBXBuildFile; fileRef = 136674282F1794DF00F7E18B /* Features/Home/ScanCardCell.swift */; };
		136865B62F20E63C005034DD /* Core/Utilities/DesignSystem.swift in Sources */ = {isa = PBXBuildFile; fileRef = 136865B52F20E63C005034DD /* Core/Utilities/DesignSystem.swift */; };
		1374657B2F12A2C300C2772D /* Features/Scan/HeadMeasurementService.swift in Sources */ = {isa = PBXBuildFile; fileRef = 1374657A2F12A2C300C2772D /* Features/Scan/HeadMeasurementService.swift */; };
		1374657E2F150C9C00C2772D /* Resources/MLModels/SCEarLandmarking.mlmodel in Sources */ = {isa = PBXBuildFile; fileRef = 1374657C2F150C9C00C2772D /* Resources/MLModels/SCEarLandmarking.mlmodel */; };
		1374657F2F150C9C00C2772D /* Resources/MLModels/SCEarTrackingModel.mlmodel in Sources */ = {isa = PBXBuildFile; fileRef = 1374657D2F150C9C00C2772D /* Resources/MLModels/SCEarTrackingModel.mlmodel */; };
		137465812F150CDA00C2772D /* Features/Scan/EarLandmarksService.swift in Sources */ = {isa = PBXBuildFile; fileRef = 137465802F150CDA00C2772D /* Features/Scan/EarLandmarksService.swift */; };
		13DD59802F225EA300A33CAF /* Eigen in Frameworks */ = {isa = PBXBuildFile; productRef = 13DD597F2F225EA300A33CAF /* Eigen */; };
		13DD59832F225EBB00A33CAF /* happly in Frameworks */ = {isa = PBXBuildFile; productRef = 13DD59822F225EBB00A33CAF /* happly */; };
		13DD59862F225ECE00A33CAF /* json in Frameworks */ = {isa = PBXBuildFile; productRef = 13DD59852F225ECE00A33CAF /* json */; };
		13DD59892F225EE100A33CAF /* nanoflann in Frameworks */ = {isa = PBXBuildFile; productRef = 13DD59882F225EE100A33CAF /* nanoflann */; };
		13DD598C2F225EF500A33CAF /* PoissonRecon in Frameworks */ = {isa = PBXBuildFile; productRef = 13DD598B2F225EF500A33CAF /* PoissonRecon */; };
		13DD598F2F225F0D00A33CAF /* SparseICP in Frameworks */ = {isa = PBXBuildFile; productRef = 13DD598E2F225F0D00A33CAF /* SparseICP */; };
		13DD59932F225F2D00A33CAF /* stb in Frameworks */ = {isa = PBXBuildFile; productRef = 13DD59922F225F2D00A33CAF /* stb */; };
		13DD59962F225F3E00A33CAF /* tinygltf in Frameworks */ = {isa = PBXBuildFile; productRef = 13DD59952F225F3E00A33CAF /* tinygltf */; };
		13DD599D2F22698F00A33CAF /* App/AppDependencies.swift in Sources */ = {isa = PBXBuildFile; fileRef = 13DD599C2F22698F00A33CAF /* App/AppDependencies.swift */; };
		13DD59AB2F226E2A00A33CAF /* Features/Preview/PreviewStore.swift in Sources */ = {isa = PBXBuildFile; fileRef = 13DD59AA2F226E2A00A33CAF /* Features/Preview/PreviewStore.swift */; };
		13DD59AD2F226E5800A33CAF /* Features/Preview/PreviewCoordinator.swift in Sources */ = {isa = PBXBuildFile; fileRef = 13DD59AC2F226E5800A33CAF /* Features/Preview/PreviewCoordinator.swift */; };
		13DD59B22F2271000A33CAF /* Features/Preview/MeshingTimeoutController.swift in Sources */ = {isa = PBXBuildFile; fileRef = 13DD59B12F2271000A33CAF /* Features/Preview/MeshingTimeoutController.swift */; };
		13DD59B42F22712A0A33CAF /* MeshingTimeoutControllerTests.swift in Sources */ = {isa = PBXBuildFile; fileRef = 13DD59B32F22712A0A33CAF /* MeshingTimeoutControllerTests.swift */; };
		13DD59B62F2274B300A33CAF /* Features/Preview/SaveExportViewStateController.swift in Sources */ = {isa = PBXBuildFile; fileRef = 13DD59B52F2274B300A33CAF /* Features/Preview/SaveExportViewStateController.swift */; };
		13DD59B82F2278D800A33CAF /* Features/Preview/PreviewOverlayUIController.swift in Sources */ = {isa = PBXBuildFile; fileRef = 13DD59B72F2278D800A33CAF /* Features/Preview/PreviewOverlayUIController.swift */; };
		13DD59BA2F227BE900A33CAF /* Features/Preview/PreviewAlertPresenter.swift in Sources */ = {isa = PBXBuildFile; fileRef = 13DD59B92F227BE900A33CAF /* Features/Preview/PreviewAlertPresenter.swift */; };
		13DD59BC2F227E3200A33CAF /* Features/Preview/PreviewButtonConfigurator.swift in Sources */ = {isa = PBXBuildFile; fileRef = 13DD59BB2F227E3200A33CAF /* Features/Preview/PreviewButtonConfigurator.swift */; };
		14B200122F7D000100ABC002 /* Features/Preview/PreviewSessionWorkflows.swift in Sources */ = {isa = PBXBuildFile; fileRef = 14B200112F7D000100ABC002 /* Features/Preview/PreviewSessionWorkflows.swift */; };
		14B200262F7D000100ABC006 /* Features/Preview/PreviewSessionController.swift in Sources */ = {isa = PBXBuildFile; fileRef = 14B200272F7D000100ABC006 /* Features/Preview/PreviewSessionController.swift */; };
		14B2002C2F7D000100ABC009 /* Features/Preview/PreviewPresentationController.swift in Sources */ = {isa = PBXBuildFile; fileRef = 14B2002D2F7D000100ABC009 /* Features/Preview/PreviewPresentationController.swift */; };
		14E500012F8D000100ABC001 /* Features/Preview/PreviewPresentationWorkflow.swift in Sources */ = {isa = PBXBuildFile; fileRef = 14E500022F8D000100ABC001 /* Features/Preview/PreviewPresentationWorkflow.swift */; };
		14E500032F8D000100ABC001 /* Features/Preview/PreviewOverlayWorkflow.swift in Sources */ = {isa = PBXBuildFile; fileRef = 14E500042F8D000100ABC001 /* Features/Preview/PreviewOverlayWorkflow.swift */; };
		14D500012F8C000100ABC001 /* Core/Services/ScanLibraryProtocols.swift in Sources */ = {isa = PBXBuildFile; fileRef = 14D500022F8C000100ABC001 /* Core/Services/ScanLibraryProtocols.swift */; };
		14D500032F8C000100ABC001 /* Features/Scan/ScanAssembler.swift in Sources */ = {isa = PBXBuildFile; fileRef = 14D500042F8C000100ABC001 /* Features/Scan/ScanAssembler.swift */; };
		14D500052F8C000100ABC001 /* Features/Preview/PreviewAssembler.swift in Sources */ = {isa = PBXBuildFile; fileRef = 14D500062F8C000100ABC001 /* Features/Preview/PreviewAssembler.swift */; };
		14C300012F8A000100ABC001 /* Features/Preview/PreviewFeatureModels.swift in Sources */ = {isa = PBXBuildFile; fileRef = 14C300022F8A000100ABC001 /* Features/Preview/PreviewFeatureModels.swift */; };
		14C300032F8A000100ABC001 /* Features/Preview/PreviewSceneAdapter.swift in Sources */ = {isa = PBXBuildFile; fileRef = 14C300042F8A000100ABC001 /* Features/Preview/PreviewSceneAdapter.swift */; };
		14C300052F8A000100ABC001 /* Features/Preview/PreviewExportUseCase.swift in Sources */ = {isa = PBXBuildFile; fileRef = 14C300062F8A000100ABC001 /* Features/Preview/PreviewExportUseCase.swift */; };
		14C300072F8A000100ABC001 /* Features/Preview/PreviewFitUseCase.swift in Sources */ = {isa = PBXBuildFile; fileRef = 14C300082F8A000100ABC001 /* Features/Preview/PreviewFitUseCase.swift */; };
		14C300092F8A000100ABC001 /* Features/Preview/PreviewEarVerificationUseCase.swift in Sources */ = {isa = PBXBuildFile; fileRef = 14C3000A2F8A000100ABC001 /* Features/Preview/PreviewEarVerificationUseCase.swift */; };
		14B200402F7D000100ABC010 /* Features/Scan/ScanSessionController.swift in Sources */ = {isa = PBXBuildFile; fileRef = 14B200412F7D000100ABC010 /* Features/Scan/ScanSessionController.swift */; };
		14B200422F7D000100ABC011 /* Features/Scan/ScanRuntimeController.swift in Sources */ = {isa = PBXBuildFile; fileRef = 14B200432F7D000100ABC011 /* Features/Scan/ScanRuntimeController.swift */; };
		14B200542F7D000100ABC01A /* Features/Scan/ScanFeatureModels.swift in Sources */ = {isa = PBXBuildFile; fileRef = 14B200552F7D000100ABC01A /* Features/Scan/ScanFeatureModels.swift */; };
		14B200562F7D000100ABC01B /* Features/Scan/ScanCaptureService.swift in Sources */ = {isa = PBXBuildFile; fileRef = 14B200572F7D000100ABC01B /* Features/Scan/ScanCaptureService.swift */; };
		14B200582F7D000100ABC01C /* Features/Scan/ScanRuntimeEngine.swift in Sources */ = {isa = PBXBuildFile; fileRef = 14B200592F7D000100ABC01C /* Features/Scan/ScanRuntimeEngine.swift */; };
		14B2005A2F7D000100ABC01D /* Features/Scan/ScanStore.swift in Sources */ = {isa = PBXBuildFile; fileRef = 14B2005B2F7D000100ABC01D /* Features/Scan/ScanStore.swift */; };
		14B200462F7D000100ABC013 /* Features/Home/HomeFeedbackController.swift in Sources */ = {isa = PBXBuildFile; fileRef = 14B200472F7D000100ABC013 /* Features/Home/HomeFeedbackController.swift */; };
		14B200482F7D000100ABC014 /* Features/Settings/SettingsFeedbackController.swift in Sources */ = {isa = PBXBuildFile; fileRef = 14B200492F7D000100ABC014 /* Features/Settings/SettingsFeedbackController.swift */; };
		14C400012F8B000100ABC001 /* Features/Home/HomeAssembler.swift in Sources */ = {isa = PBXBuildFile; fileRef = 14C400022F8B000100ABC001 /* Features/Home/HomeAssembler.swift */; };
		14C400032F8B000100ABC001 /* Features/Settings/SettingsAssembler.swift in Sources */ = {isa = PBXBuildFile; fileRef = 14C400042F8B000100ABC001 /* Features/Settings/SettingsAssembler.swift */; };
		13DD59C02F228A0000A33CAF /* Features/Home/ChecklistLine.swift in Sources */ = {isa = PBXBuildFile; fileRef = 13DD59BF2F228A0000A33CAF /* Features/Home/ChecklistLine.swift */; };
		13DD59C22F228A0000A33CAF /* Features/Home/HomeHeaderView.swift in Sources */ = {isa = PBXBuildFile; fileRef = 13DD59C12F228A0000A33CAF /* Features/Home/HomeHeaderView.swift */; };
		13DD59C42F228A0000A33CAF /* Features/Home/StartScanCardView.swift in Sources */ = {isa = PBXBuildFile; fileRef = 13DD59C32F228A0000A33CAF /* Features/Home/StartScanCardView.swift */; };
		13DD59C62F228A0000A33CAF /* Features/Home/HomeActionRowView.swift in Sources */ = {isa = PBXBuildFile; fileRef = 13DD59C52F228A0000A33CAF /* Features/Home/HomeActionRowView.swift */; };
		13DD59C82F228A0000A33CAF /* Features/Home/RecentScansView.swift in Sources */ = {isa = PBXBuildFile; fileRef = 13DD59C72F228A0000A33CAF /* Features/Home/RecentScansView.swift */; };
		13DD59CA2F228A0000A33CAF /* Features/Home/HomeToastPresenter.swift in Sources */ = {isa = PBXBuildFile; fileRef = 13DD59C92F228A0000A33CAF /* Features/Home/HomeToastPresenter.swift */; };
		14B200282F7D000100ABC007 /* Features/Home/HomeScanSessionController.swift in Sources */ = {isa = PBXBuildFile; fileRef = 14B200292F7D000100ABC007 /* Features/Home/HomeScanSessionController.swift */; };
		14B2002A2F7D000100ABC008 /* Features/Home/HomeScanFlowController.swift in Sources */ = {isa = PBXBuildFile; fileRef = 14B2002B2F7D000100ABC008 /* Features/Home/HomeScanFlowController.swift */; };
		14B2002E2F7D000100ABC00A /* Features/Home/HomeRecentScansController.swift in Sources */ = {isa = PBXBuildFile; fileRef = 14B2002F2F7D000100ABC00A /* Features/Home/HomeRecentScansController.swift */; };
		14B200212F7D000100ABC003 /* Core/Services/ScanServiceSupport.swift in Sources */ = {isa = PBXBuildFile; fileRef = 14B200202F7D000100ABC003 /* Core/Services/ScanServiceSupport.swift */; };
		14B200242F7D000100ABC005 /* Core/Services/ScanModels.swift in Sources */ = {isa = PBXBuildFile; fileRef = 14B200252F7D000100ABC005 /* Core/Services/ScanModels.swift */; };
		14B200342F7D000100ABC00B /* Core/Services/ScanRepository.swift in Sources */ = {isa = PBXBuildFile; fileRef = 14B200352F7D000100ABC00B /* Core/Services/ScanRepository.swift */; };
		14B200362F7D000100ABC00C /* Core/Services/ScanExporterService.swift in Sources */ = {isa = PBXBuildFile; fileRef = 14B200372F7D000100ABC00C /* Core/Services/ScanExporterService.swift */; };
		14B2003C2F7D000100ABC00F /* Core/Services/ScanTestSeedService.swift in Sources */ = {isa = PBXBuildFile; fileRef = 14B2003D2F7D000100ABC00F /* Core/Services/ScanTestSeedService.swift */; };
		13E2D3F62F1CF4E3003DE022 /* Features/Preview/PreviewViewController.swift in Sources */ = {isa = PBXBuildFile; fileRef = 13E2D3F52F1CF4E3003DE022 /* Features/Preview/PreviewViewController.swift */; };
		13E2D4042F1D0100003DE022 /* ScanRepositoryExporterTests.swift in Sources */ = {isa = PBXBuildFile; fileRef = 13E2D4012F1D0100003DE022 /* ScanRepositoryExporterTests.swift */; };
		13E2D4052F1D0100003DE022 /* XCTest.framework in Frameworks */ = {isa = PBXBuildFile; fileRef = 13E2D40B2F1D0100003DE022 /* XCTest.framework */; };
		13E2D4122F1D0300003DE022 /* EarLandmarksServiceTests.swift in Sources */ = {isa = PBXBuildFile; fileRef = 13E2D4132F1D0300003DE022 /* EarLandmarksServiceTests.swift */; };
		13E2D4142F1D1000003DE022 /* Features/Settings/SettingsStore.swift in Sources */ = {isa = PBXBuildFile; fileRef = 13E2D4152F1D1000003DE022 /* Features/Settings/SettingsStore.swift */; };
		13E2D4162F1D1000003DE022 /* Features/Settings/SettingsViewController.swift in Sources */ = {isa = PBXBuildFile; fileRef = 13E2D4172F1D1000003DE022 /* Features/Settings/SettingsViewController.swift */; };
		14B200222F7D000100ABC004 /* Features/Settings/SettingsSupport.swift in Sources */ = {isa = PBXBuildFile; fileRef = 14B200232F7D000100ABC004 /* Features/Settings/SettingsSupport.swift */; };
		13E2D4182F1D2000003DE022 /* Features/Scan/ScanCoordinator.swift in Sources */ = {isa = PBXBuildFile; fileRef = 13E2D4192F1D2000003DE022 /* Features/Scan/ScanCoordinator.swift */; };
		13E2D41A2F1D2500003DE022 /* Features/Home/HomeViewModel.swift in Sources */ = {isa = PBXBuildFile; fileRef = 13E2D41B2F1D2500003DE022 /* Features/Home/HomeViewModel.swift */; };
		13F0A0012F6A123400111111 /* Features/Scan/AppScanningViewController.swift in Sources */ = {isa = PBXBuildFile; fileRef = 13F0A0022F6A123400111111 /* Features/Scan/AppScanningViewController.swift */; };
		13F0A0032F6A123400111111 /* Features/Home/ScanDetailsViewController.swift in Sources */ = {isa = PBXBuildFile; fileRef = 13F0A0042F6A123400111111 /* Features/Home/ScanDetailsViewController.swift */; };
		13F0A0052F6A123400111111 /* Features/Home/ScanDetailsLoadingViewController.swift in Sources */ = {isa = PBXBuildFile; fileRef = 13F0A0062F6A123400111111 /* Features/Home/ScanDetailsLoadingViewController.swift */; };
		13F0A0072F6A123400111111 /* Features/Scan/LocalMeasurementGenerationService.swift in Sources */ = {isa = PBXBuildFile; fileRef = 13F0A0082F6A123400111111 /* Features/Scan/LocalMeasurementGenerationService.swift */; };
		13F0A0092F6A123400111111 /* Features/Preview/ScanSummaryBuilder.swift in Sources */ = {isa = PBXBuildFile; fileRef = 13F0A00A2F6A123400111111 /* Features/Preview/ScanSummaryBuilder.swift */; };
		13F1A00B2F6A123400111111 /* HomeViewModelTests.swift in Sources */ = {isa = PBXBuildFile; fileRef = 13F1A00C2F6A123400111111 /* HomeViewModelTests.swift */; };
		13F1A00D2F6A123400111111 /* SettingsStoreTests.swift in Sources */ = {isa = PBXBuildFile; fileRef = 13F1A00E2F6A123400111111 /* SettingsStoreTests.swift */; };
		13F1A00F2F6A123400111111 /* ScanSummaryBuilderTests.swift in Sources */ = {isa = PBXBuildFile; fileRef = 13F1A0102F6A123400111111 /* ScanSummaryBuilderTests.swift */; };
		13F1A0112F6A123400111111 /* ScanCoordinatorTests.swift in Sources */ = {isa = PBXBuildFile; fileRef = 13F1A0122F6A123400111111 /* ScanCoordinatorTests.swift */; };
		13F1A0132F6A123400111111 /* ScanQualityValidatorTests.swift in Sources */ = {isa = PBXBuildFile; fileRef = 13F1A0142F6A123400111111 /* ScanQualityValidatorTests.swift */; };
		13F1A0152F6A123400111111 /* AppScanningViewControllerTests.swift in Sources */ = {isa = PBXBuildFile; fileRef = 13F1A0162F6A123400111111 /* AppScanningViewControllerTests.swift */; };
		13F1A0172F6A123400111111 /* LocalMeasurementGenerationServiceTests.swift in Sources */ = {isa = PBXBuildFile; fileRef = 13F1A0182F6A123400111111 /* LocalMeasurementGenerationServiceTests.swift */; };
		13F1A0192F6A123400111111 /* SettingsViewControllerTests.swift in Sources */ = {isa = PBXBuildFile; fileRef = 13F1A01A2F6A123400111111 /* SettingsViewControllerTests.swift */; };
		13F1A01B2F6A123400111111 /* SettingsStorageUseCaseTests.swift in Sources */ = {isa = PBXBuildFile; fileRef = 13F1A01C2F6A123400111111 /* SettingsStorageUseCaseTests.swift */; };
		14B2005C2F7D000100ABC01E /* ScanStoreTests.swift in Sources */ = {isa = PBXBuildFile; fileRef = 14B2005D2F7D000100ABC01E /* ScanStoreTests.swift */; };
		13FA01012F7B000100ABCDEF /* StandardCyborgFusion in Frameworks */ = {isa = PBXBuildFile; productRef = 766314032CEB185300CC7AF3 /* StandardCyborgFusion */; };
		13FA01022F7B000100ABCDEF /* StandardCyborgUI in Frameworks */ = {isa = PBXBuildFile; productRef = 766314062CEB186300CC7AF3 /* StandardCyborgUI */; };
		14A100012F7C000100ABC001 /* Features/Fit/FitModelPackModels.swift in Sources */ = {isa = PBXBuildFile; fileRef = 14A100112F7C000100ABC001 /* Features/Fit/FitModelPackModels.swift */; };
		14A100022F7C000100ABC001 /* Features/Fit/FitModelPackService.swift in Sources */ = {isa = PBXBuildFile; fileRef = 14A100122F7C000100ABC001 /* Features/Fit/FitModelPackService.swift */; };
		14A100032F7C000100ABC001 /* FitModelPackServiceTests.swift in Sources */ = {isa = PBXBuildFile; fileRef = 14A100132F7C000100ABC001 /* FitModelPackServiceTests.swift */; };
		7642B7FC21E679E800BC45C7 /* App/AppDelegate.swift in Sources */ = {isa = PBXBuildFile; fileRef = 7642B7FB21E679E800BC45C7 /* App/AppDelegate.swift */; };
		7642B7FE21E679E800BC45C7 /* Features/Home/HomeViewController.swift in Sources */ = {isa = PBXBuildFile; fileRef = 7642B7FD21E679E800BC45C7 /* Features/Home/HomeViewController.swift */; };
		7642B80321E679E900BC45C7 /* Assets.xcassets in Resources */ = {isa = PBXBuildFile; fileRef = 7642B80221E679E900BC45C7 /* Assets.xcassets */; };
		7642B80621E679E900BC45C7 /* LaunchScreen.storyboard in Resources */ = {isa = PBXBuildFile; fileRef = 7642B80421E679E900BC45C7 /* LaunchScreen.storyboard */; };
		766314042CEB185300CC7AF3 /* StandardCyborgFusion in Frameworks */ = {isa = PBXBuildFile; productRef = 766314032CEB185300CC7AF3 /* StandardCyborgFusion */; };
		766314072CEB186300CC7AF3 /* StandardCyborgUI in Frameworks */ = {isa = PBXBuildFile; productRef = 766314062CEB186300CC7AF3 /* StandardCyborgUI */; };
		7663140D2CECFCDD00CC7AF3 /* StandardCyborgFusion in Embed Frameworks */ = {isa = PBXBuildFile; productRef = 766314032CEB185300CC7AF3 /* StandardCyborgFusion */; settings = {ATTRIBUTES = (CodeSignOnCopy, ); }; };
		7663140F2CECFCDE00CC7AF3 /* StandardCyborgUI in Embed Frameworks */ = {isa = PBXBuildFile; productRef = 766314062CEB186300CC7AF3 /* StandardCyborgUI */; settings = {ATTRIBUTES = (CodeSignOnCopy, ); }; };
/* End PBXBuildFile section */

/* Begin PBXContainerItemProxy section */
		13806CBA2F20C4AD00A6440D /* PBXContainerItemProxy */ = {
			isa = PBXContainerItemProxy;
			containerPortal = 7642B7F021E679E800BC45C7 /* Project object */;
			proxyType = 1;
			remoteGlobalIDString = 7642B7F721E679E800BC45C7;
			remoteInfo = TrueContourAI;
		};
		13E2D4102F1D0200003DE022 /* PBXContainerItemProxy */ = {
			isa = PBXContainerItemProxy;
			containerPortal = 7642B7F021E679E800BC45C7 /* Project object */;
			proxyType = 1;
			remoteGlobalIDString = 7642B7F721E679E800BC45C7;
			remoteInfo = TrueContourAI;
		};
/* End PBXContainerItemProxy section */

/* Begin PBXCopyFilesBuildPhase section */
		7663140E2CECFCDD00CC7AF3 /* Embed Frameworks */ = {
			isa = PBXCopyFilesBuildPhase;
			buildActionMask = 2147483647;
			dstPath = "";
			dstSubfolderSpec = 10;
			files = (
				7663140D2CECFCDD00CC7AF3 /* StandardCyborgFusion in Embed Frameworks */,
				7663140F2CECFCDE00CC7AF3 /* StandardCyborgUI in Embed Frameworks */,
			);
			name = "Embed Frameworks";
			runOnlyForDeploymentPostprocessing = 0;
		};
/* End PBXCopyFilesBuildPhase section */

/* Begin PBXFileReference section */
		131CF1392F23C61E00D173CC /* ScanTimingTests.swift */ = {isa = PBXFileReference; lastKnownFileType = sourcecode.swift; path = ScanTimingTests.swift; sourceTree = "<group>"; };
		132BDB572F1FCFAB00B012E2 /* Features/Scan/ScanFlowState.swift */ = {isa = PBXFileReference; lastKnownFileType = sourcecode.swift; path = Features/Scan/ScanFlowState.swift; sourceTree = "<group>"; };
		132BDB582F1FCFAB00B012E2 /* Features/Scan/ScanQuality.swift */ = {isa = PBXFileReference; lastKnownFileType = sourcecode.swift; path = Features/Scan/ScanQuality.swift; sourceTree = "<group>"; };
		132BDB5B2F1FD0AC00B012E2 /* ScanFlowStateTests.swift */ = {isa = PBXFileReference; lastKnownFileType = sourcecode.swift; path = ScanFlowStateTests.swift; sourceTree = "<group>"; };
		132BDB5D2F1FD71000B012E2 /* Features/Home/HomeCoordinator.swift */ = {isa = PBXFileReference; lastKnownFileType = sourcecode.swift; path = Features/Home/HomeCoordinator.swift; sourceTree = "<group>"; };
		132BDB612F1FD74300B012E2 /* Core/Utilities/UIView+Snapshot.swift */ = {isa = PBXFileReference; lastKnownFileType = sourcecode.swift; path = "Core/Utilities/UIView+Snapshot.swift"; sourceTree = "<group>"; };
		132BDB632F1FD83200B012E2 /* Features/Home/PreScanChecklistViewController.swift */ = {isa = PBXFileReference; lastKnownFileType = sourcecode.swift; path = Features/Home/PreScanChecklistViewController.swift; sourceTree = "<group>"; };
		132BDB652F1FD9D500B012E2 /* HomeCoordinatorTests.swift */ = {isa = PBXFileReference; lastKnownFileType = sourcecode.swift; path = HomeCoordinatorTests.swift; sourceTree = "<group>"; };
		132BDB662F1FD9D500B012E2 /* PreviewCoordinatorTests.swift */ = {isa = PBXFileReference; lastKnownFileType = sourcecode.swift; path = PreviewCoordinatorTests.swift; sourceTree = "<group>"; };
		132BDB702F1FD9D500B012E2 /* PreviewStoreTests.swift */ = {isa = PBXFileReference; lastKnownFileType = sourcecode.swift; path = PreviewStoreTests.swift; sourceTree = "<group>"; };
		132BDB692F1FE78500B012E2 /* Resources/Localizable.strings */ = {isa = PBXFileReference; lastKnownFileType = text.plist.strings; path = Resources/Localizable.strings; sourceTree = "<group>"; };
		132BDB6A2F1FE78500B012E2 /* Core/Utilities/Localization.swift */ = {isa = PBXFileReference; lastKnownFileType = sourcecode.swift; path = Core/Utilities/Localization.swift; sourceTree = "<group>"; };
		132BDB6D2F1FE8D500B012E2 /* AccessibilitySmokeTests.swift */ = {isa = PBXFileReference; lastKnownFileType = sourcecode.swift; path = AccessibilitySmokeTests.swift; sourceTree = "<group>"; };
		132BDB902F1FFBFF00B012E2 /* Features/Home/HowToScanViewController.swift */ = {isa = PBXFileReference; lastKnownFileType = sourcecode.swift; path = Features/Home/HowToScanViewController.swift; sourceTree = "<group>"; };
		132BDB922F20023B00B012E2 /* PreviewCoordinatorExportTests.swift */ = {isa = PBXFileReference; lastKnownFileType = sourcecode.swift; path = PreviewCoordinatorExportTests.swift; sourceTree = "<group>"; };
		1343F3DD2F2108370003238B /* MathAndFormattingTests.swift */ = {isa = PBXFileReference; lastKnownFileType = sourcecode.swift; path = MathAndFormattingTests.swift; sourceTree = "<group>"; };
		136674262F16AED100F7E18B /* App/SceneDelegate.swift */ = {isa = PBXFileReference; lastKnownFileType = sourcecode.swift; path = App/SceneDelegate.swift; sourceTree = "<group>"; };
		136674282F1794DF00F7E18B /* Features/Home/ScanCardCell.swift */ = {isa = PBXFileReference; lastKnownFileType = sourcecode.swift; path = Features/Home/ScanCardCell.swift; sourceTree = "<group>"; };
		136865B52F20E63C005034DD /* Core/Utilities/DesignSystem.swift */ = {isa = PBXFileReference; lastKnownFileType = sourcecode.swift; path = Core/Utilities/DesignSystem.swift; sourceTree = "<group>"; };
		1374657A2F12A2C300C2772D /* Features/Scan/HeadMeasurementService.swift */ = {isa = PBXFileReference; lastKnownFileType = sourcecode.swift; path = Features/Scan/HeadMeasurementService.swift; sourceTree = "<group>"; };
		1374657C2F150C9C00C2772D /* Resources/MLModels/SCEarLandmarking.mlmodel */ = {isa = PBXFileReference; lastKnownFileType = file.mlmodel; path = Resources/MLModels/SCEarLandmarking.mlmodel; sourceTree = "<group>"; };
		1374657D2F150C9C00C2772D /* Resources/MLModels/SCEarTrackingModel.mlmodel */ = {isa = PBXFileReference; lastKnownFileType = file.mlmodel; path = Resources/MLModels/SCEarTrackingModel.mlmodel; sourceTree = "<group>"; };
		137465802F150CDA00C2772D /* Features/Scan/EarLandmarksService.swift */ = {isa = PBXFileReference; lastKnownFileType = sourcecode.swift; path = Features/Scan/EarLandmarksService.swift; sourceTree = "<group>"; };
		13806CB42F20C4AD00A6440D /* TrueContourAIUITests.xctest */ = {isa = PBXFileReference; explicitFileType = wrapper.cfbundle; includeInIndex = 0; path = TrueContourAIUITests.xctest; sourceTree = BUILT_PRODUCTS_DIR; };
		13DD599C2F22698F00A33CAF /* App/AppDependencies.swift */ = {isa = PBXFileReference; lastKnownFileType = sourcecode.swift; path = App/AppDependencies.swift; sourceTree = "<group>"; };
		13DD59AA2F226E2A00A33CAF /* Features/Preview/PreviewStore.swift */ = {isa = PBXFileReference; lastKnownFileType = sourcecode.swift; path = Features/Preview/PreviewStore.swift; sourceTree = "<group>"; };
		13DD59AC2F226E5800A33CAF /* Features/Preview/PreviewCoordinator.swift */ = {isa = PBXFileReference; lastKnownFileType = sourcecode.swift; path = Features/Preview/PreviewCoordinator.swift; sourceTree = "<group>"; };
		13DD59B12F2271000A33CAF /* Features/Preview/MeshingTimeoutController.swift */ = {isa = PBXFileReference; lastKnownFileType = sourcecode.swift; path = Features/Preview/MeshingTimeoutController.swift; sourceTree = "<group>"; };
		13DD59B32F22712A0A33CAF /* MeshingTimeoutControllerTests.swift */ = {isa = PBXFileReference; lastKnownFileType = sourcecode.swift; path = MeshingTimeoutControllerTests.swift; sourceTree = "<group>"; };
		13DD59B52F2274B300A33CAF /* Features/Preview/SaveExportViewStateController.swift */ = {isa = PBXFileReference; lastKnownFileType = sourcecode.swift; path = Features/Preview/SaveExportViewStateController.swift; sourceTree = "<group>"; };
		13DD59B72F2278D800A33CAF /* Features/Preview/PreviewOverlayUIController.swift */ = {isa = PBXFileReference; lastKnownFileType = sourcecode.swift; path = Features/Preview/PreviewOverlayUIController.swift; sourceTree = "<group>"; };
		13DD59B92F227BE900A33CAF /* Features/Preview/PreviewAlertPresenter.swift */ = {isa = PBXFileReference; lastKnownFileType = sourcecode.swift; path = Features/Preview/PreviewAlertPresenter.swift; sourceTree = "<group>"; };
		13DD59BB2F227E3200A33CAF /* Features/Preview/PreviewButtonConfigurator.swift */ = {isa = PBXFileReference; lastKnownFileType = sourcecode.swift; path = Features/Preview/PreviewButtonConfigurator.swift; sourceTree = "<group>"; };
		14B200112F7D000100ABC002 /* Features/Preview/PreviewSessionWorkflows.swift */ = {isa = PBXFileReference; lastKnownFileType = sourcecode.swift; path = Features/Preview/PreviewSessionWorkflows.swift; sourceTree = "<group>"; };
		14B200272F7D000100ABC006 /* Features/Preview/PreviewSessionController.swift */ = {isa = PBXFileReference; lastKnownFileType = sourcecode.swift; path = Features/Preview/PreviewSessionController.swift; sourceTree = "<group>"; };
		14B2002D2F7D000100ABC009 /* Features/Preview/PreviewPresentationController.swift */ = {isa = PBXFileReference; lastKnownFileType = sourcecode.swift; path = Features/Preview/PreviewPresentationController.swift; sourceTree = "<group>"; };
		14E500022F8D000100ABC001 /* Features/Preview/PreviewPresentationWorkflow.swift */ = {isa = PBXFileReference; lastKnownFileType = sourcecode.swift; path = Features/Preview/PreviewPresentationWorkflow.swift; sourceTree = "<group>"; };
		14E500042F8D000100ABC001 /* Features/Preview/PreviewOverlayWorkflow.swift */ = {isa = PBXFileReference; lastKnownFileType = sourcecode.swift; path = Features/Preview/PreviewOverlayWorkflow.swift; sourceTree = "<group>"; };
		14C300022F8A000100ABC001 /* Features/Preview/PreviewFeatureModels.swift */ = {isa = PBXFileReference; lastKnownFileType = sourcecode.swift; path = Features/Preview/PreviewFeatureModels.swift; sourceTree = "<group>"; };
		14C300042F8A000100ABC001 /* Features/Preview/PreviewSceneAdapter.swift */ = {isa = PBXFileReference; lastKnownFileType = sourcecode.swift; path = Features/Preview/PreviewSceneAdapter.swift; sourceTree = "<group>"; };
		14C300062F8A000100ABC001 /* Features/Preview/PreviewExportUseCase.swift */ = {isa = PBXFileReference; lastKnownFileType = sourcecode.swift; path = Features/Preview/PreviewExportUseCase.swift; sourceTree = "<group>"; };
		14C300082F8A000100ABC001 /* Features/Preview/PreviewFitUseCase.swift */ = {isa = PBXFileReference; lastKnownFileType = sourcecode.swift; path = Features/Preview/PreviewFitUseCase.swift; sourceTree = "<group>"; };
		14C3000A2F8A000100ABC001 /* Features/Preview/PreviewEarVerificationUseCase.swift */ = {isa = PBXFileReference; lastKnownFileType = sourcecode.swift; path = Features/Preview/PreviewEarVerificationUseCase.swift; sourceTree = "<group>"; };
		14D500062F8C000100ABC001 /* Features/Preview/PreviewAssembler.swift */ = {isa = PBXFileReference; lastKnownFileType = sourcecode.swift; path = Features/Preview/PreviewAssembler.swift; sourceTree = "<group>"; };
		14B200412F7D000100ABC010 /* Features/Scan/ScanSessionController.swift */ = {isa = PBXFileReference; lastKnownFileType = sourcecode.swift; path = Features/Scan/ScanSessionController.swift; sourceTree = "<group>"; };
		14B200432F7D000100ABC011 /* Features/Scan/ScanRuntimeController.swift */ = {isa = PBXFileReference; lastKnownFileType = sourcecode.swift; path = Features/Scan/ScanRuntimeController.swift; sourceTree = "<group>"; };
		14B200552F7D000100ABC01A /* Features/Scan/ScanFeatureModels.swift */ = {isa = PBXFileReference; lastKnownFileType = sourcecode.swift; path = Features/Scan/ScanFeatureModels.swift; sourceTree = "<group>"; };
		14B200572F7D000100ABC01B /* Features/Scan/ScanCaptureService.swift */ = {isa = PBXFileReference; lastKnownFileType = sourcecode.swift; path = Features/Scan/ScanCaptureService.swift; sourceTree = "<group>"; };
		14B200592F7D000100ABC01C /* Features/Scan/ScanRuntimeEngine.swift */ = {isa = PBXFileReference; lastKnownFileType = sourcecode.swift; path = Features/Scan/ScanRuntimeEngine.swift; sourceTree = "<group>"; };
		14B2005B2F7D000100ABC01D /* Features/Scan/ScanStore.swift */ = {isa = PBXFileReference; lastKnownFileType = sourcecode.swift; path = Features/Scan/ScanStore.swift; sourceTree = "<group>"; };
		14B200472F7D000100ABC013 /* Features/Home/HomeFeedbackController.swift */ = {isa = PBXFileReference; lastKnownFileType = sourcecode.swift; path = Features/Home/HomeFeedbackController.swift; sourceTree = "<group>"; };
		13DD59BF2F228A0000A33CAF /* Features/Home/ChecklistLine.swift */ = {isa = PBXFileReference; lastKnownFileType = sourcecode.swift; path = Features/Home/ChecklistLine.swift; sourceTree = "<group>"; };
		13DD59C12F228A0000A33CAF /* Features/Home/HomeHeaderView.swift */ = {isa = PBXFileReference; lastKnownFileType = sourcecode.swift; path = Features/Home/HomeHeaderView.swift; sourceTree = "<group>"; };
		13DD59C32F228A0000A33CAF /* Features/Home/StartScanCardView.swift */ = {isa = PBXFileReference; lastKnownFileType = sourcecode.swift; path = Features/Home/StartScanCardView.swift; sourceTree = "<group>"; };
		13DD59C52F228A0000A33CAF /* Features/Home/HomeActionRowView.swift */ = {isa = PBXFileReference; lastKnownFileType = sourcecode.swift; path = Features/Home/HomeActionRowView.swift; sourceTree = "<group>"; };
		13DD59C72F228A0000A33CAF /* Features/Home/RecentScansView.swift */ = {isa = PBXFileReference; lastKnownFileType = sourcecode.swift; path = Features/Home/RecentScansView.swift; sourceTree = "<group>"; };
		13DD59C92F228A0000A33CAF /* Features/Home/HomeToastPresenter.swift */ = {isa = PBXFileReference; lastKnownFileType = sourcecode.swift; path = Features/Home/HomeToastPresenter.swift; sourceTree = "<group>"; };
		14B200292F7D000100ABC007 /* Features/Home/HomeScanSessionController.swift */ = {isa = PBXFileReference; lastKnownFileType = sourcecode.swift; path = Features/Home/HomeScanSessionController.swift; sourceTree = "<group>"; };
		14B2002B2F7D000100ABC008 /* Features/Home/HomeScanFlowController.swift */ = {isa = PBXFileReference; lastKnownFileType = sourcecode.swift; path = Features/Home/HomeScanFlowController.swift; sourceTree = "<group>"; };
		14B2002F2F7D000100ABC00A /* Features/Home/HomeRecentScansController.swift */ = {isa = PBXFileReference; lastKnownFileType = sourcecode.swift; path = Features/Home/HomeRecentScansController.swift; sourceTree = "<group>"; };
		14D500022F8C000100ABC001 /* Core/Services/ScanLibraryProtocols.swift */ = {isa = PBXFileReference; lastKnownFileType = sourcecode.swift; path = Core/Services/ScanLibraryProtocols.swift; sourceTree = "<group>"; };
		14B200202F7D000100ABC003 /* Core/Services/ScanServiceSupport.swift */ = {isa = PBXFileReference; lastKnownFileType = sourcecode.swift; path = Core/Services/ScanServiceSupport.swift; sourceTree = "<group>"; };
		14B200252F7D000100ABC005 /* Core/Services/ScanModels.swift */ = {isa = PBXFileReference; lastKnownFileType = sourcecode.swift; path = Core/Services/ScanModels.swift; sourceTree = "<group>"; };
		14B200352F7D000100ABC00B /* Core/Services/ScanRepository.swift */ = {isa = PBXFileReference; lastKnownFileType = sourcecode.swift; path = Core/Services/ScanRepository.swift; sourceTree = "<group>"; };
		14B200372F7D000100ABC00C /* Core/Services/ScanExporterService.swift */ = {isa = PBXFileReference; lastKnownFileType = sourcecode.swift; path = Core/Services/ScanExporterService.swift; sourceTree = "<group>"; };
		14B2003D2F7D000100ABC00F /* Core/Services/ScanTestSeedService.swift */ = {isa = PBXFileReference; lastKnownFileType = sourcecode.swift; path = Core/Services/ScanTestSeedService.swift; sourceTree = "<group>"; };
		13E2D3F52F1CF4E3003DE022 /* Features/Preview/PreviewViewController.swift */ = {isa = PBXFileReference; lastKnownFileType = sourcecode.swift; path = Features/Preview/PreviewViewController.swift; sourceTree = "<group>"; };
		13E2D4012F1D0100003DE022 /* ScanRepositoryExporterTests.swift */ = {isa = PBXFileReference; lastKnownFileType = sourcecode.swift; path = ScanRepositoryExporterTests.swift; sourceTree = "<group>"; };
		13E2D4022F1D0100003DE022 /* Info.plist */ = {isa = PBXFileReference; lastKnownFileType = text.plist.xml; path = Info.plist; sourceTree = "<group>"; };
		13E2D4032F1D0100003DE022 /* TrueContourAITests.xctest */ = {isa = PBXFileReference; explicitFileType = wrapper.cfbundle; includeInIndex = 0; path = TrueContourAITests.xctest; sourceTree = BUILT_PRODUCTS_DIR; };
		13E2D40B2F1D0100003DE022 /* XCTest.framework */ = {isa = PBXFileReference; lastKnownFileType = wrapper.framework; name = XCTest.framework; path = System/Library/Frameworks/XCTest.framework; sourceTree = SDKROOT; };
		13E2D4132F1D0300003DE022 /* EarLandmarksServiceTests.swift */ = {isa = PBXFileReference; lastKnownFileType = sourcecode.swift; path = EarLandmarksServiceTests.swift; sourceTree = "<group>"; };
		13E2D4152F1D1000003DE022 /* Features/Settings/SettingsStore.swift */ = {isa = PBXFileReference; lastKnownFileType = sourcecode.swift; path = Features/Settings/SettingsStore.swift; sourceTree = "<group>"; };
		13E2D4172F1D1000003DE022 /* Features/Settings/SettingsViewController.swift */ = {isa = PBXFileReference; lastKnownFileType = sourcecode.swift; path = Features/Settings/SettingsViewController.swift; sourceTree = "<group>"; };
		14B200232F7D000100ABC004 /* Features/Settings/SettingsSupport.swift */ = {isa = PBXFileReference; lastKnownFileType = sourcecode.swift; path = Features/Settings/SettingsSupport.swift; sourceTree = "<group>"; };
		14B200492F7D000100ABC014 /* Features/Settings/SettingsFeedbackController.swift */ = {isa = PBXFileReference; lastKnownFileType = sourcecode.swift; path = Features/Settings/SettingsFeedbackController.swift; sourceTree = "<group>"; };
		14C400022F8B000100ABC001 /* Features/Home/HomeAssembler.swift */ = {isa = PBXFileReference; lastKnownFileType = sourcecode.swift; path = Features/Home/HomeAssembler.swift; sourceTree = "<group>"; };
		14C400042F8B000100ABC001 /* Features/Settings/SettingsAssembler.swift */ = {isa = PBXFileReference; lastKnownFileType = sourcecode.swift; path = Features/Settings/SettingsAssembler.swift; sourceTree = "<group>"; };
		13E2D4192F1D2000003DE022 /* Features/Scan/ScanCoordinator.swift */ = {isa = PBXFileReference; lastKnownFileType = sourcecode.swift; path = Features/Scan/ScanCoordinator.swift; sourceTree = "<group>"; };
		14D500042F8C000100ABC001 /* Features/Scan/ScanAssembler.swift */ = {isa = PBXFileReference; lastKnownFileType = sourcecode.swift; path = Features/Scan/ScanAssembler.swift; sourceTree = "<group>"; };
		13E2D41B2F1D2500003DE022 /* Features/Home/HomeViewModel.swift */ = {isa = PBXFileReference; lastKnownFileType = sourcecode.swift; path = Features/Home/HomeViewModel.swift; sourceTree = "<group>"; };
		13F0A0022F6A123400111111 /* Features/Scan/AppScanningViewController.swift */ = {isa = PBXFileReference; lastKnownFileType = sourcecode.swift; path = Features/Scan/AppScanningViewController.swift; sourceTree = "<group>"; };
		13F0A0042F6A123400111111 /* Features/Home/ScanDetailsViewController.swift */ = {isa = PBXFileReference; lastKnownFileType = sourcecode.swift; path = Features/Home/ScanDetailsViewController.swift; sourceTree = "<group>"; };
		13F0A0062F6A123400111111 /* Features/Home/ScanDetailsLoadingViewController.swift */ = {isa = PBXFileReference; lastKnownFileType = sourcecode.swift; path = Features/Home/ScanDetailsLoadingViewController.swift; sourceTree = "<group>"; };
		13F0A0082F6A123400111111 /* Features/Scan/LocalMeasurementGenerationService.swift */ = {isa = PBXFileReference; lastKnownFileType = sourcecode.swift; path = Features/Scan/LocalMeasurementGenerationService.swift; sourceTree = "<group>"; };
		13F0A00A2F6A123400111111 /* Features/Preview/ScanSummaryBuilder.swift */ = {isa = PBXFileReference; lastKnownFileType = sourcecode.swift; path = Features/Preview/ScanSummaryBuilder.swift; sourceTree = "<group>"; };
		13F1A00C2F6A123400111111 /* HomeViewModelTests.swift */ = {isa = PBXFileReference; lastKnownFileType = sourcecode.swift; path = HomeViewModelTests.swift; sourceTree = "<group>"; };
		13F1A00E2F6A123400111111 /* SettingsStoreTests.swift */ = {isa = PBXFileReference; lastKnownFileType = sourcecode.swift; path = SettingsStoreTests.swift; sourceTree = "<group>"; };
		13F1A0102F6A123400111111 /* ScanSummaryBuilderTests.swift */ = {isa = PBXFileReference; lastKnownFileType = sourcecode.swift; path = ScanSummaryBuilderTests.swift; sourceTree = "<group>"; };
		13F1A0122F6A123400111111 /* ScanCoordinatorTests.swift */ = {isa = PBXFileReference; lastKnownFileType = sourcecode.swift; path = ScanCoordinatorTests.swift; sourceTree = "<group>"; };
		13F1A0142F6A123400111111 /* ScanQualityValidatorTests.swift */ = {isa = PBXFileReference; lastKnownFileType = sourcecode.swift; path = ScanQualityValidatorTests.swift; sourceTree = "<group>"; };
		13F1A0162F6A123400111111 /* AppScanningViewControllerTests.swift */ = {isa = PBXFileReference; lastKnownFileType = sourcecode.swift; path = AppScanningViewControllerTests.swift; sourceTree = "<group>"; };
		13F1A0182F6A123400111111 /* LocalMeasurementGenerationServiceTests.swift */ = {isa = PBXFileReference; lastKnownFileType = sourcecode.swift; path = LocalMeasurementGenerationServiceTests.swift; sourceTree = "<group>"; };
		13F1A01A2F6A123400111111 /* SettingsViewControllerTests.swift */ = {isa = PBXFileReference; lastKnownFileType = sourcecode.swift; path = SettingsViewControllerTests.swift; sourceTree = "<group>"; };
		13F1A01C2F6A123400111111 /* SettingsStorageUseCaseTests.swift */ = {isa = PBXFileReference; lastKnownFileType = sourcecode.swift; path = SettingsStorageUseCaseTests.swift; sourceTree = "<group>"; };
		14B2005D2F7D000100ABC01E /* ScanStoreTests.swift */ = {isa = PBXFileReference; lastKnownFileType = sourcecode.swift; path = ScanStoreTests.swift; sourceTree = "<group>"; };
		14A100112F7C000100ABC001 /* Features/Fit/FitModelPackModels.swift */ = {isa = PBXFileReference; lastKnownFileType = sourcecode.swift; path = Features/Fit/FitModelPackModels.swift; sourceTree = "<group>"; };
		14A100122F7C000100ABC001 /* Features/Fit/FitModelPackService.swift */ = {isa = PBXFileReference; lastKnownFileType = sourcecode.swift; path = Features/Fit/FitModelPackService.swift; sourceTree = "<group>"; };
		14A100132F7C000100ABC001 /* FitModelPackServiceTests.swift */ = {isa = PBXFileReference; lastKnownFileType = sourcecode.swift; path = FitModelPackServiceTests.swift; sourceTree = "<group>"; };
		7642B7F821E679E800BC45C7 /* TrueContourAI.app */ = {isa = PBXFileReference; explicitFileType = wrapper.application; includeInIndex = 0; path = TrueContourAI.app; sourceTree = BUILT_PRODUCTS_DIR; };
		7642B7FB21E679E800BC45C7 /* App/AppDelegate.swift */ = {isa = PBXFileReference; lastKnownFileType = sourcecode.swift; path = App/AppDelegate.swift; sourceTree = "<group>"; };
		7642B7FD21E679E800BC45C7 /* Features/Home/HomeViewController.swift */ = {isa = PBXFileReference; lastKnownFileType = sourcecode.swift; path = Features/Home/HomeViewController.swift; sourceTree = "<group>"; };
		7642B80221E679E900BC45C7 /* Assets.xcassets */ = {isa = PBXFileReference; lastKnownFileType = folder.assetcatalog; path = Assets.xcassets; sourceTree = "<group>"; };
		7642B80521E679E900BC45C7 /* Base */ = {isa = PBXFileReference; lastKnownFileType = file.storyboard; name = Base; path = Resources/Base.lproj/LaunchScreen.storyboard; sourceTree = "<group>"; };
		7642B80721E679E900BC45C7 /* Resources/Info.plist */ = {isa = PBXFileReference; lastKnownFileType = text.plist.xml; path = Resources/Info.plist; sourceTree = "<group>"; };
/* End PBXFileReference section */

/* Begin PBXFileSystemSynchronizedRootGroup section */
		13806CB52F20C4AD00A6440D /* TrueContourAIUITests */ = {isa = PBXFileSystemSynchronizedRootGroup; explicitFileTypes = {}; explicitFolders = (); path = TrueContourAIUITests; sourceTree = "<group>"; };
/* End PBXFileSystemSynchronizedRootGroup section */

/* Begin PBXFrameworksBuildPhase section */
		13806CB12F20C4AD00A6440D /* Frameworks */ = {
			isa = PBXFrameworksBuildPhase;
			buildActionMask = 2147483647;
			files = (
			);
			runOnlyForDeploymentPostprocessing = 0;
		};
		13E2D4062F1D0100003DE022 /* Frameworks */ = {
			isa = PBXFrameworksBuildPhase;
			buildActionMask = 2147483647;
			files = (
				13E2D4052F1D0100003DE022 /* XCTest.framework in Frameworks */,
				13FA01012F7B000100ABCDEF /* StandardCyborgFusion in Frameworks */,
				13FA01022F7B000100ABCDEF /* StandardCyborgUI in Frameworks */,
			);
			runOnlyForDeploymentPostprocessing = 0;
		};
		7642B7F521E679E800BC45C7 /* Frameworks */ = {
			isa = PBXFrameworksBuildPhase;
			buildActionMask = 2147483647;
			files = (
				13DD59892F225EE100A33CAF /* nanoflann in Frameworks */,
				13DD598F2F225F0D00A33CAF /* SparseICP in Frameworks */,
				13DD59862F225ECE00A33CAF /* json in Frameworks */,
				13DD59832F225EBB00A33CAF /* happly in Frameworks */,
				766314042CEB185300CC7AF3 /* StandardCyborgFusion in Frameworks */,
				13DD59932F225F2D00A33CAF /* stb in Frameworks */,
				766314072CEB186300CC7AF3 /* StandardCyborgUI in Frameworks */,
				13DD59962F225F3E00A33CAF /* tinygltf in Frameworks */,
				13DD59802F225EA300A33CAF /* Eigen in Frameworks */,
				13DD598C2F225EF500A33CAF /* PoissonRecon in Frameworks */,
			);
			runOnlyForDeploymentPostprocessing = 0;
		};
/* End PBXFrameworksBuildPhase section */

/* Begin PBXGroup section */
		13E2D4002F1D0100003DE022 /* TrueContourAITests */ = {
			isa = PBXGroup;
			children = (
				14A100132F7C000100ABC001 /* FitModelPackServiceTests.swift */,
				131CF1392F23C61E00D173CC /* ScanTimingTests.swift */,
				1343F3DD2F2108370003238B /* MathAndFormattingTests.swift */,
				13DD59B32F22712A0A33CAF /* MeshingTimeoutControllerTests.swift */,
				132BDB922F20023B00B012E2 /* PreviewCoordinatorExportTests.swift */,
				132BDB6D2F1FE8D500B012E2 /* AccessibilitySmokeTests.swift */,
				132BDB652F1FD9D500B012E2 /* HomeCoordinatorTests.swift */,
				132BDB662F1FD9D500B012E2 /* PreviewCoordinatorTests.swift */,
				132BDB702F1FD9D500B012E2 /* PreviewStoreTests.swift */,
				13E2D4132F1D0300003DE022 /* EarLandmarksServiceTests.swift */,
				13E2D4012F1D0100003DE022 /* ScanRepositoryExporterTests.swift */,
				132BDB5B2F1FD0AC00B012E2 /* ScanFlowStateTests.swift */,
				13F1A00C2F6A123400111111 /* HomeViewModelTests.swift */,
				13F1A00E2F6A123400111111 /* SettingsStoreTests.swift */,
				13F1A0102F6A123400111111 /* ScanSummaryBuilderTests.swift */,
				13F1A0122F6A123400111111 /* ScanCoordinatorTests.swift */,
				13F1A0142F6A123400111111 /* ScanQualityValidatorTests.swift */,
				13F1A0162F6A123400111111 /* AppScanningViewControllerTests.swift */,
				14B2005D2F7D000100ABC01E /* ScanStoreTests.swift */,
				13F1A0182F6A123400111111 /* LocalMeasurementGenerationServiceTests.swift */,
				13F1A01A2F6A123400111111 /* SettingsViewControllerTests.swift */,
				13F1A01C2F6A123400111111 /* SettingsStorageUseCaseTests.swift */,
				13E2D4022F1D0100003DE022 /* Info.plist */,
			);
			path = TrueContourAITests;
			sourceTree = "<group>";
		};
		13F1A0012F6A123400111111 /* App */ = {
			isa = PBXGroup;
			children = (
				7642B7FB21E679E800BC45C7 /* App/AppDelegate.swift */,
				13DD599C2F22698F00A33CAF /* App/AppDependencies.swift */,
				136674262F16AED100F7E18B /* App/SceneDelegate.swift */,
			);
			name = App;
			sourceTree = "<group>";
		};
		13F1A0022F6A123400111111 /* Core */ = {
			isa = PBXGroup;
			children = (
				13F1A0032F6A123400111111 /* Services */,
				13F1A0042F6A123400111111 /* Utilities */,
			);
			name = Core;
			sourceTree = "<group>";
		};
		13F1A0032F6A123400111111 /* Services */ = {
			isa = PBXGroup;
			children = (
				14D500022F8C000100ABC001 /* Core/Services/ScanLibraryProtocols.swift */,
				14B200202F7D000100ABC003 /* Core/Services/ScanServiceSupport.swift */,
				14B200252F7D000100ABC005 /* Core/Services/ScanModels.swift */,
				14B200352F7D000100ABC00B /* Core/Services/ScanRepository.swift */,
				14B200372F7D000100ABC00C /* Core/Services/ScanExporterService.swift */,
				14B2003D2F7D000100ABC00F /* Core/Services/ScanTestSeedService.swift */,
			);
			name = Services;
			sourceTree = "<group>";
		};
		13F1A0042F6A123400111111 /* Utilities */ = {
			isa = PBXGroup;
			children = (
				136865B52F20E63C005034DD /* Core/Utilities/DesignSystem.swift */,
				132BDB6A2F1FE78500B012E2 /* Core/Utilities/Localization.swift */,
				132BDB612F1FD74300B012E2 /* Core/Utilities/UIView+Snapshot.swift */,
			);
			name = Utilities;
			sourceTree = "<group>";
		};
		13F1A0052F6A123400111111 /* Features */ = {
			isa = PBXGroup;
			children = (
				13F1A0062F6A123400111111 /* Home */,
				13F1A0072F6A123400111111 /* Scan */,
				13F1A0082F6A123400111111 /* Preview */,
				14A100142F7C000100ABC001 /* Fit */,
				13F1A0092F6A123400111111 /* Settings */,
			);
			name = Features;
			sourceTree = "<group>";
		};
		13F1A0062F6A123400111111 /* Home */ = {
			isa = PBXGroup;
			children = (
				7642B7FD21E679E800BC45C7 /* Features/Home/HomeViewController.swift */,
				132BDB5D2F1FD71000B012E2 /* Features/Home/HomeCoordinator.swift */,
				13E2D41B2F1D2500003DE022 /* Features/Home/HomeViewModel.swift */,
				13DD59C12F228A0000A33CAF /* Features/Home/HomeHeaderView.swift */,
				13DD59C52F228A0000A33CAF /* Features/Home/HomeActionRowView.swift */,
				13DD59C32F228A0000A33CAF /* Features/Home/StartScanCardView.swift */,
				13DD59C72F228A0000A33CAF /* Features/Home/RecentScansView.swift */,
				13DD59C92F228A0000A33CAF /* Features/Home/HomeToastPresenter.swift */,
				14B200472F7D000100ABC013 /* Features/Home/HomeFeedbackController.swift */,
				14B200292F7D000100ABC007 /* Features/Home/HomeScanSessionController.swift */,
				14B2002B2F7D000100ABC008 /* Features/Home/HomeScanFlowController.swift */,
				14B2002F2F7D000100ABC00A /* Features/Home/HomeRecentScansController.swift */,
				14C400022F8B000100ABC001 /* Features/Home/HomeAssembler.swift */,
				136674282F1794DF00F7E18B /* Features/Home/ScanCardCell.swift */,
				13DD59BF2F228A0000A33CAF /* Features/Home/ChecklistLine.swift */,
				132BDB902F1FFBFF00B012E2 /* Features/Home/HowToScanViewController.swift */,
				132BDB632F1FD83200B012E2 /* Features/Home/PreScanChecklistViewController.swift */,
				13F0A0062F6A123400111111 /* Features/Home/ScanDetailsLoadingViewController.swift */,
				13F0A0042F6A123400111111 /* Features/Home/ScanDetailsViewController.swift */,
			);
			name = Home;
			sourceTree = "<group>";
		};
		13F1A0072F6A123400111111 /* Scan */ = {
			isa = PBXGroup;
			children = (
				13F0A0022F6A123400111111 /* Features/Scan/AppScanningViewController.swift */,
				14B200552F7D000100ABC01A /* Features/Scan/ScanFeatureModels.swift */,
				14B200572F7D000100ABC01B /* Features/Scan/ScanCaptureService.swift */,
				14B200592F7D000100ABC01C /* Features/Scan/ScanRuntimeEngine.swift */,
				14B200432F7D000100ABC011 /* Features/Scan/ScanRuntimeController.swift */,
				14B2005B2F7D000100ABC01D /* Features/Scan/ScanStore.swift */,
				14D500042F8C000100ABC001 /* Features/Scan/ScanAssembler.swift */,
				14B200412F7D000100ABC010 /* Features/Scan/ScanSessionController.swift */,
				13E2D4192F1D2000003DE022 /* Features/Scan/ScanCoordinator.swift */,
				132BDB572F1FCFAB00B012E2 /* Features/Scan/ScanFlowState.swift */,
				132BDB582F1FCFAB00B012E2 /* Features/Scan/ScanQuality.swift */,
				1374657A2F12A2C300C2772D /* Features/Scan/HeadMeasurementService.swift */,
				137465802F150CDA00C2772D /* Features/Scan/EarLandmarksService.swift */,
				13F0A0082F6A123400111111 /* Features/Scan/LocalMeasurementGenerationService.swift */,
			);
			name = Scan;
			sourceTree = "<group>";
		};
		13F1A0082F6A123400111111 /* Preview */ = {
			isa = PBXGroup;
			children = (
				13DD59AC2F226E5800A33CAF /* Features/Preview/PreviewCoordinator.swift */,
				14C300022F8A000100ABC001 /* Features/Preview/PreviewFeatureModels.swift */,
				13DD59AA2F226E2A00A33CAF /* Features/Preview/PreviewStore.swift */,
				14C300042F8A000100ABC001 /* Features/Preview/PreviewSceneAdapter.swift */,
				13E2D3F52F1CF4E3003DE022 /* Features/Preview/PreviewViewController.swift */,
				13DD59B52F2274B300A33CAF /* Features/Preview/SaveExportViewStateController.swift */,
				13DD59B72F2278D800A33CAF /* Features/Preview/PreviewOverlayUIController.swift */,
				13DD59B92F227BE900A33CAF /* Features/Preview/PreviewAlertPresenter.swift */,
				13DD59BB2F227E3200A33CAF /* Features/Preview/PreviewButtonConfigurator.swift */,
				14B200112F7D000100ABC002 /* Features/Preview/PreviewSessionWorkflows.swift */,
				14B200272F7D000100ABC006 /* Features/Preview/PreviewSessionController.swift */,
				14B2002D2F7D000100ABC009 /* Features/Preview/PreviewPresentationController.swift */,
				14E500022F8D000100ABC001 /* Features/Preview/PreviewPresentationWorkflow.swift */,
				14E500042F8D000100ABC001 /* Features/Preview/PreviewOverlayWorkflow.swift */,
				14C300062F8A000100ABC001 /* Features/Preview/PreviewExportUseCase.swift */,
				14C300082F8A000100ABC001 /* Features/Preview/PreviewFitUseCase.swift */,
				14C3000A2F8A000100ABC001 /* Features/Preview/PreviewEarVerificationUseCase.swift */,
				14D500062F8C000100ABC001 /* Features/Preview/PreviewAssembler.swift */,
				13DD59B12F2271000A33CAF /* Features/Preview/MeshingTimeoutController.swift */,
				13F0A00A2F6A123400111111 /* Features/Preview/ScanSummaryBuilder.swift */,
			);
			name = Preview;
			sourceTree = "<group>";
		};
		13F1A0092F6A123400111111 /* Settings */ = {
			isa = PBXGroup;
			children = (
				13E2D4152F1D1000003DE022 /* Features/Settings/SettingsStore.swift */,
				13E2D4172F1D1000003DE022 /* Features/Settings/SettingsViewController.swift */,
				14B200232F7D000100ABC004 /* Features/Settings/SettingsSupport.swift */,
				14B200492F7D000100ABC014 /* Features/Settings/SettingsFeedbackController.swift */,
				14C400042F8B000100ABC001 /* Features/Settings/SettingsAssembler.swift */,
			);
			name = Settings;
			sourceTree = "<group>";
		};
		13F1A00A2F6A123400111111 /* Resources */ = {
			isa = PBXGroup;
			children = (
				7642B80221E679E900BC45C7 /* Assets.xcassets */,
				132BDB692F1FE78500B012E2 /* Resources/Localizable.strings */,
				1374657C2F150C9C00C2772D /* Resources/MLModels/SCEarLandmarking.mlmodel */,
				1374657D2F150C9C00C2772D /* Resources/MLModels/SCEarTrackingModel.mlmodel */,
				7642B80421E679E900BC45C7 /* LaunchScreen.storyboard */,
				7642B80721E679E900BC45C7 /* Resources/Info.plist */,
			);
			name = Resources;
			sourceTree = "<group>";
		};
		14A100142F7C000100ABC001 /* Fit */ = {
			isa = PBXGroup;
			children = (
				14A100112F7C000100ABC001 /* Features/Fit/FitModelPackModels.swift */,
				14A100122F7C000100ABC001 /* Features/Fit/FitModelPackService.swift */,
			);
			name = Fit;
			sourceTree = "<group>";
		};
		7642B7EF21E679E800BC45C7 = {
			isa = PBXGroup;
			children = (
				7642B7FA21E679E800BC45C7 /* TrueContourAI */,
				13E2D4002F1D0100003DE022 /* TrueContourAITests */,
				13806CB52F20C4AD00A6440D /* TrueContourAIUITests */,
				7642B7F921E679E800BC45C7 /* Products */,
				7642B81321E69ADB00BC45C7 /* Frameworks */,
			);
			sourceTree = "<group>";
		};
		7642B7F921E679E800BC45C7 /* Products */ = {
			isa = PBXGroup;
			children = (
				7642B7F821E679E800BC45C7 /* TrueContourAI.app */,
				13E2D4032F1D0100003DE022 /* TrueContourAITests.xctest */,
				13806CB42F20C4AD00A6440D /* TrueContourAIUITests.xctest */,
			);
			name = Products;
			sourceTree = "<group>";
		};
		7642B7FA21E679E800BC45C7 /* TrueContourAI */ = {
			isa = PBXGroup;
			children = (
				13F1A0012F6A123400111111 /* App */,
				13F1A0022F6A123400111111 /* Core */,
				13F1A0052F6A123400111111 /* Features */,
				13F1A00A2F6A123400111111 /* Resources */,
			);
			path = TrueContourAI;
			sourceTree = "<group>";
		};
		7642B81321E69ADB00BC45C7 /* Frameworks */ = {
			isa = PBXGroup;
			children = (
				13E2D40B2F1D0100003DE022 /* XCTest.framework */,
			);
			name = Frameworks;
			sourceTree = "<group>";
		};
/* End PBXGroup section */

/* Begin PBXNativeTarget section */
		13806CB32F20C4AD00A6440D /* TrueContourAIUITests */ = {
			isa = PBXNativeTarget;
			buildConfigurationList = 13806CBC2F20C4AD00A6440D /* Build configuration list for PBXNativeTarget "TrueContourAIUITests" */;
			buildPhases = (
				13806CB02F20C4AD00A6440D /* Sources */,
				13806CB12F20C4AD00A6440D /* Frameworks */,
				13806CB22F20C4AD00A6440D /* Resources */,
			);
			buildRules = (
			);
			dependencies = (
				13806CBB2F20C4AD00A6440D /* PBXTargetDependency */,
			);
			fileSystemSynchronizedGroups = (
				13806CB52F20C4AD00A6440D /* TrueContourAIUITests */,
			);
			name = TrueContourAIUITests;
			packageProductDependencies = (
			);
			productName = TrueContourAIUITests;
			productReference = 13806CB42F20C4AD00A6440D /* TrueContourAIUITests.xctest */;
			productType = "com.apple.product-type.bundle.ui-testing";
		};
		13E2D4092F1D0100003DE022 /* TrueContourAITests */ = {
			isa = PBXNativeTarget;
			buildConfigurationList = 13E2D40E2F1D0100003DE022 /* Build configuration list for PBXNativeTarget "TrueContourAITests" */;
			buildPhases = (
				13E2D4072F1D0100003DE022 /* Sources */,
				13E2D4062F1D0100003DE022 /* Frameworks */,
				13E2D4082F1D0100003DE022 /* Resources */,
			);
			buildRules = (
			);
			dependencies = (
				13E2D4112F1D0200003DE022 /* PBXTargetDependency */,
			);
			name = TrueContourAITests;
			packageProductDependencies = (
				766314032CEB185300CC7AF3 /* StandardCyborgFusion */,
				766314062CEB186300CC7AF3 /* StandardCyborgUI */,
			);
			productName = TrueContourAITests;
			productReference = 13E2D4032F1D0100003DE022 /* TrueContourAITests.xctest */;
			productType = "com.apple.product-type.bundle.unit-test";
		};
		7642B7F721E679E800BC45C7 /* TrueContourAI */ = {
			isa = PBXNativeTarget;
			buildConfigurationList = 7642B80A21E679E900BC45C7 /* Build configuration list for PBXNativeTarget "TrueContourAI" */;
			buildPhases = (
				7642B7F421E679E800BC45C7 /* Sources */,
				7642B7F521E679E800BC45C7 /* Frameworks */,
				7642B7F621E679E800BC45C7 /* Resources */,
				7663140E2CECFCDD00CC7AF3 /* Embed Frameworks */,
			);
			buildRules = (
			);
			dependencies = (
			);
			name = TrueContourAI;
			productName = CatScan;
			productReference = 7642B7F821E679E800BC45C7 /* TrueContourAI.app */;
			productType = "com.apple.product-type.application";
		};
/* End PBXNativeTarget section */

/* Begin PBXProject section */
		7642B7F021E679E800BC45C7 /* Project object */ = {
			isa = PBXProject;
			attributes = {
				BuildIndependentTargetsInParallel = YES;
				LastSwiftUpdateCheck = 2620;
				LastUpgradeCheck = 2620;
				ORGANIZATIONNAME = "Standard Cyborg";
				TargetAttributes = {
					13806CB32F20C4AD00A6440D = {
						CreatedOnToolsVersion = 26.2;
						TestTargetID = 7642B7F721E679E800BC45C7;
					};
					7642B7F721E679E800BC45C7 = {
						CreatedOnToolsVersion = 10.1;
						LastSwiftMigration = 1020;
					};
				};
			};
			buildConfigurationList = 7642B7F321E679E800BC45C7 /* Build configuration list for PBXProject "TrueContourAI" */;
			compatibilityVersion = "Xcode 9.3";
			developmentRegion = en;
			hasScannedForEncodings = 0;
			knownRegions = (
				en,
				Base,
			);
			mainGroup = 7642B7EF21E679E800BC45C7;
			packageReferences = (
				13DD597B2F225E7E00A33CAF /* XCLocalSwiftPackageReference "StandardCyborgUI" */,
				13DD597E2F225EA300A33CAF /* XCLocalSwiftPackageReference "CppDependencies/Eigen" */,
				13DD59812F225EBB00A33CAF /* XCLocalSwiftPackageReference "CppDependencies/happly" */,
				13DD59842F225ECE00A33CAF /* XCLocalSwiftPackageReference "CppDependencies/json" */,
				13DD59872F225EE100A33CAF /* XCLocalSwiftPackageReference "CppDependencies/nanoflann" */,
				13DD598A2F225EF500A33CAF /* XCLocalSwiftPackageReference "CppDependencies/PoissonRecon" */,
				13DD598D2F225F0D00A33CAF /* XCLocalSwiftPackageReference "CppDependencies/SparseICP" */,
				13DD59912F225F2D00A33CAF /* XCLocalSwiftPackageReference "CppDependencies/stb" */,
				13DD59942F225F3E00A33CAF /* XCLocalSwiftPackageReference "CppDependencies/tinygltf" */,
				13DD59972F225F7B00A33CAF /* XCLocalSwiftPackageReference "StandardCyborgFusion" */,
			);
			productRefGroup = 7642B7F921E679E800BC45C7 /* Products */;
			projectDirPath = "";
			projectRoot = "";
			targets = (
				7642B7F721E679E800BC45C7 /* TrueContourAI */,
				13E2D4092F1D0100003DE022 /* TrueContourAITests */,
				13806CB32F20C4AD00A6440D /* TrueContourAIUITests */,
			);
		};
/* End PBXProject section */

/* Begin PBXResourcesBuildPhase section */
		13806CB22F20C4AD00A6440D /* Resources */ = {
			isa = PBXResourcesBuildPhase;
			buildActionMask = 2147483647;
			files = (
			);
			runOnlyForDeploymentPostprocessing = 0;
		};
		13E2D4082F1D0100003DE022 /* Resources */ = {
			isa = PBXResourcesBuildPhase;
			buildActionMask = 2147483647;
			files = (
			);
			runOnlyForDeploymentPostprocessing = 0;
		};
		7642B7F621E679E800BC45C7 /* Resources */ = {
			isa = PBXResourcesBuildPhase;
			buildActionMask = 2147483647;
			files = (
				7642B80621E679E900BC45C7 /* LaunchScreen.storyboard in Resources */,
				132BDB6B2F1FE78500B012E2 /* Resources/Localizable.strings in Resources */,
				7642B80321E679E900BC45C7 /* Assets.xcassets in Resources */,
			);
			runOnlyForDeploymentPostprocessing = 0;
		};
/* End PBXResourcesBuildPhase section */

/* Begin PBXSourcesBuildPhase section */
		13806CB02F20C4AD00A6440D /* Sources */ = {
			isa = PBXSourcesBuildPhase;
			buildActionMask = 2147483647;
			files = (
			);
			runOnlyForDeploymentPostprocessing = 0;
		};
		13E2D4072F1D0100003DE022 /* Sources */ = {
			isa = PBXSourcesBuildPhase;
			buildActionMask = 2147483647;
			files = (
				14A100032F7C000100ABC001 /* FitModelPackServiceTests.swift in Sources */,
				13E2D4122F1D0300003DE022 /* EarLandmarksServiceTests.swift in Sources */,
				13E2D4042F1D0100003DE022 /* ScanRepositoryExporterTests.swift in Sources */,
				1343F3DE2F2108370003238B /* MathAndFormattingTests.swift in Sources */,
				13DD59B42F22712A0A33CAF /* MeshingTimeoutControllerTests.swift in Sources */,
				131CF13A2F23C61E00D173CC /* ScanTimingTests.swift in Sources */,
				132BDB6E2F1FE8D500B012E2 /* AccessibilitySmokeTests.swift in Sources */,
				132BDB5C2F1FD0AC00B012E2 /* ScanFlowStateTests.swift in Sources */,
				132BDB672F1FD9D500B012E2 /* HomeCoordinatorTests.swift in Sources */,
				132BDB682F1FD9D500B012E2 /* PreviewCoordinatorTests.swift in Sources */,
				132BDB6F2F1FD9D500B012E2 /* PreviewStoreTests.swift in Sources */,
				132BDB932F20023B00B012E2 /* PreviewCoordinatorExportTests.swift in Sources */,
				13F1A00B2F6A123400111111 /* HomeViewModelTests.swift in Sources */,
				13F1A00D2F6A123400111111 /* SettingsStoreTests.swift in Sources */,
				13F1A00F2F6A123400111111 /* ScanSummaryBuilderTests.swift in Sources */,
				13F1A0112F6A123400111111 /* ScanCoordinatorTests.swift in Sources */,
				13F1A0132F6A123400111111 /* ScanQualityValidatorTests.swift in Sources */,
				13F1A0152F6A123400111111 /* AppScanningViewControllerTests.swift in Sources */,
				14B2005C2F7D000100ABC01E /* ScanStoreTests.swift in Sources */,
				13F1A0172F6A123400111111 /* LocalMeasurementGenerationServiceTests.swift in Sources */,
				13F1A0192F6A123400111111 /* SettingsViewControllerTests.swift in Sources */,
				13F1A01B2F6A123400111111 /* SettingsStorageUseCaseTests.swift in Sources */,
			);
			runOnlyForDeploymentPostprocessing = 0;
		};
		7642B7F421E679E800BC45C7 /* Sources */ = {
			isa = PBXSourcesBuildPhase;
			buildActionMask = 2147483647;
			files = (
				14A100012F7C000100ABC001 /* Features/Fit/FitModelPackModels.swift in Sources */,
				14A100022F7C000100ABC001 /* Features/Fit/FitModelPackService.swift in Sources */,
				132BDB642F1FD83200B012E2 /* Features/Home/PreScanChecklistViewController.swift in Sources */,
				1374657B2F12A2C300C2772D /* Features/Scan/HeadMeasurementService.swift in Sources */,
				7642B7FE21E679E800BC45C7 /* Features/Home/HomeViewController.swift in Sources */,
				13E2D4182F1D2000003DE022 /* Features/Scan/ScanCoordinator.swift in Sources */,
				14B200562F7D000100ABC01B /* Features/Scan/ScanCaptureService.swift in Sources */,
				14B200542F7D000100ABC01A /* Features/Scan/ScanFeatureModels.swift in Sources */,
				14B200582F7D000100ABC01C /* Features/Scan/ScanRuntimeEngine.swift in Sources */,
				14B200402F7D000100ABC010 /* Features/Scan/ScanSessionController.swift in Sources */,
				14B200422F7D000100ABC011 /* Features/Scan/ScanRuntimeController.swift in Sources */,
				14B2005A2F7D000100ABC01D /* Features/Scan/ScanStore.swift in Sources */,
				14D500032F8C000100ABC001 /* Features/Scan/ScanAssembler.swift in Sources */,
				13E2D41A2F1D2500003DE022 /* Features/Home/HomeViewModel.swift in Sources */,
				14C400012F8B000100ABC001 /* Features/Home/HomeAssembler.swift in Sources */,
				13E2D4142F1D1000003DE022 /* Features/Settings/SettingsStore.swift in Sources */,
				13E2D4162F1D1000003DE022 /* Features/Settings/SettingsViewController.swift in Sources */,
				13F0A0072F6A123400111111 /* Features/Scan/LocalMeasurementGenerationService.swift in Sources */,
				13F0A0092F6A123400111111 /* Features/Preview/ScanSummaryBuilder.swift in Sources */,
				132BDB592F1FCFAB00B012E2 /* Features/Scan/ScanQuality.swift in Sources */,
				132BDB5A2F1FCFAB00B012E2 /* Features/Scan/ScanFlowState.swift in Sources */,
				13DD59AB2F226E2A00A33CAF /* Features/Preview/PreviewStore.swift in Sources */,
				13DD59B22F2271000A33CAF /* Features/Preview/MeshingTimeoutController.swift in Sources */,
				13DD59B62F2274B300A33CAF /* Features/Preview/SaveExportViewStateController.swift in Sources */,
				13DD59B82F2278D800A33CAF /* Features/Preview/PreviewOverlayUIController.swift in Sources */,
				13DD59BA2F227BE900A33CAF /* Features/Preview/PreviewAlertPresenter.swift in Sources */,
				13DD59BC2F227E3200A33CAF /* Features/Preview/PreviewButtonConfigurator.swift in Sources */,
				14B200122F7D000100ABC002 /* Features/Preview/PreviewSessionWorkflows.swift in Sources */,
				14C300012F8A000100ABC001 /* Features/Preview/PreviewFeatureModels.swift in Sources */,
				14B200262F7D000100ABC006 /* Features/Preview/PreviewSessionController.swift in Sources */,
				14B2002C2F7D000100ABC009 /* Features/Preview/PreviewPresentationController.swift in Sources */,
				14E500012F8D000100ABC001 /* Features/Preview/PreviewPresentationWorkflow.swift in Sources */,
				14E500032F8D000100ABC001 /* Features/Preview/PreviewOverlayWorkflow.swift in Sources */,
				14C300052F8A000100ABC001 /* Features/Preview/PreviewExportUseCase.swift in Sources */,
				14C300072F8A000100ABC001 /* Features/Preview/PreviewFitUseCase.swift in Sources */,
				14C300092F8A000100ABC001 /* Features/Preview/PreviewEarVerificationUseCase.swift in Sources */,
				14D500052F8C000100ABC001 /* Features/Preview/PreviewAssembler.swift in Sources */,
				14C300032F8A000100ABC001 /* Features/Preview/PreviewSceneAdapter.swift in Sources */,
				13DD59C02F228A0000A33CAF /* Features/Home/ChecklistLine.swift in Sources */,
				13DD59C22F228A0000A33CAF /* Features/Home/HomeHeaderView.swift in Sources */,
				13DD59C42F228A0000A33CAF /* Features/Home/StartScanCardView.swift in Sources */,
				13DD59C62F228A0000A33CAF /* Features/Home/HomeActionRowView.swift in Sources */,
				13DD59C82F228A0000A33CAF /* Features/Home/RecentScansView.swift in Sources */,
				13DD59CA2F228A0000A33CAF /* Features/Home/HomeToastPresenter.swift in Sources */,
				14B200462F7D000100ABC013 /* Features/Home/HomeFeedbackController.swift in Sources */,
				14B200282F7D000100ABC007 /* Features/Home/HomeScanSessionController.swift in Sources */,
				14B2002A2F7D000100ABC008 /* Features/Home/HomeScanFlowController.swift in Sources */,
				14B2002E2F7D000100ABC00A /* Features/Home/HomeRecentScansController.swift in Sources */,
				132BDB622F1FD74300B012E2 /* Core/Utilities/UIView+Snapshot.swift in Sources */,
				14D500012F8C000100ABC001 /* Core/Services/ScanLibraryProtocols.swift in Sources */,
				14B200212F7D000100ABC003 /* Core/Services/ScanServiceSupport.swift in Sources */,
				14B200242F7D000100ABC005 /* Core/Services/ScanModels.swift in Sources */,
				14B200342F7D000100ABC00B /* Core/Services/ScanRepository.swift in Sources */,
				14B200362F7D000100ABC00C /* Core/Services/ScanExporterService.swift in Sources */,
				14B2003C2F7D000100ABC00F /* Core/Services/ScanTestSeedService.swift in Sources */,
				13F0A0012F6A123400111111 /* Features/Scan/AppScanningViewController.swift in Sources */,
				136865B62F20E63C005034DD /* Core/Utilities/DesignSystem.swift in Sources */,
				132BDB6C2F1FE78500B012E2 /* Core/Utilities/Localization.swift in Sources */,
				1374657E2F150C9C00C2772D /* Resources/MLModels/SCEarLandmarking.mlmodel in Sources */,
				132BDB5E2F1FD71100B012E2 /* Features/Home/HomeCoordinator.swift in Sources */,
				13F0A0052F6A123400111111 /* Features/Home/ScanDetailsLoadingViewController.swift in Sources */,
				13F0A0032F6A123400111111 /* Features/Home/ScanDetailsViewController.swift in Sources */,
				136674292F1794DF00F7E18B /* Features/Home/ScanCardCell.swift in Sources */,
				13DD599D2F22698F00A33CAF /* App/AppDependencies.swift in Sources */,
				14B200222F7D000100ABC004 /* Features/Settings/SettingsSupport.swift in Sources */,
				14B200482F7D000100ABC014 /* Features/Settings/SettingsFeedbackController.swift in Sources */,
				14C400032F8B000100ABC001 /* Features/Settings/SettingsAssembler.swift in Sources */,
				1374657F2F150C9C00C2772D /* Resources/MLModels/SCEarTrackingModel.mlmodel in Sources */,
				13DD59AD2F226E5800A33CAF /* Features/Preview/PreviewCoordinator.swift in Sources */,
				7642B7FC21E679E800BC45C7 /* App/AppDelegate.swift in Sources */,
				13E2D3F62F1CF4E3003DE022 /* Features/Preview/PreviewViewController.swift in Sources */,
				132BDB912F1FFBFF00B012E2 /* Features/Home/HowToScanViewController.swift in Sources */,
				137465812F150CDA00C2772D /* Features/Scan/EarLandmarksService.swift in Sources */,
				136674272F16AED100F7E18B /* App/SceneDelegate.swift in Sources */,
			);
			runOnlyForDeploymentPostprocessing = 0;
		};
/* End PBXSourcesBuildPhase section */

/* Begin PBXTargetDependency section */
		13806CBB2F20C4AD00A6440D /* PBXTargetDependency */ = {
			isa = PBXTargetDependency;
			target = 7642B7F721E679E800BC45C7 /* TrueContourAI */;
			targetProxy = 13806CBA2F20C4AD00A6440D /* PBXContainerItemProxy */;
		};
		13E2D4112F1D0200003DE022 /* PBXTargetDependency */ = {
			isa = PBXTargetDependency;
			target = 7642B7F721E679E800BC45C7 /* TrueContourAI */;
			targetProxy = 13E2D4102F1D0200003DE022 /* PBXContainerItemProxy */;
		};
/* End PBXTargetDependency section */

/* Begin PBXVariantGroup section */
		7642B80421E679E900BC45C7 /* LaunchScreen.storyboard */ = {
			isa = PBXVariantGroup;
			children = (
				7642B80521E679E900BC45C7 /* Base */,
			);
			name = LaunchScreen.storyboard;
			sourceTree = "<group>";
		};
/* End PBXVariantGroup section */

/* Begin XCBuildConfiguration section */
		13806CBD2F20C4AD00A6440D /* Debug */ = {
			isa = XCBuildConfiguration;
			buildSettings = {
				CLANG_CXX_LANGUAGE_STANDARD = "gnu++20";
				CLANG_WARN_OBJC_IMPLICIT_RETAIN_SELF = YES;
				CODE_SIGN_STYLE = Automatic;
				CURRENT_PROJECT_VERSION = 1;
				DEVELOPMENT_TEAM = 6S4895V2RV;
				GCC_C_LANGUAGE_STANDARD = gnu17;
				GCC_DYNAMIC_NO_PIC = NO;
				GENERATE_INFOPLIST_FILE = YES;
				IPHONEOS_DEPLOYMENT_TARGET = 26.2;
				LOCALIZATION_PREFERS_STRING_CATALOGS = YES;
				MARKETING_VERSION = 1.0;
				PRODUCT_BUNDLE_IDENTIFIER = com.TrueContourAIUITests;
				PRODUCT_NAME = "$(TARGET_NAME)";
				SDKROOT = iphoneos;
				STRING_CATALOG_GENERATE_SYMBOLS = NO;
				SWIFT_ACTIVE_COMPILATION_CONDITIONS = "DEBUG $(inherited)";
				SWIFT_APPROACHABLE_CONCURRENCY = YES;
				SWIFT_EMIT_LOC_STRINGS = NO;
				SWIFT_UPCOMING_FEATURE_MEMBER_IMPORT_VISIBILITY = YES;
				SWIFT_VERSION = 5.0;
				TARGETED_DEVICE_FAMILY = "1,2";
				TEST_TARGET_NAME = TrueContourAI;
			};
			name = Debug;
		};
		13806CBE2F20C4AD00A6440D /* Release */ = {
			isa = XCBuildConfiguration;
			buildSettings = {
				CLANG_CXX_LANGUAGE_STANDARD = "gnu++20";
				CLANG_WARN_OBJC_IMPLICIT_RETAIN_SELF = YES;
				CODE_SIGN_STYLE = Automatic;
				CURRENT_PROJECT_VERSION = 1;
				DEVELOPMENT_TEAM = 6S4895V2RV;
				GCC_C_LANGUAGE_STANDARD = gnu17;
				GENERATE_INFOPLIST_FILE = YES;
				IPHONEOS_DEPLOYMENT_TARGET = 26.2;
				LOCALIZATION_PREFERS_STRING_CATALOGS = YES;
				MARKETING_VERSION = 1.0;
				PRODUCT_BUNDLE_IDENTIFIER = com.TrueContourAIUITests;
				PRODUCT_NAME = "$(TARGET_NAME)";
				SDKROOT = iphoneos;
				STRING_CATALOG_GENERATE_SYMBOLS = NO;
				SWIFT_APPROACHABLE_CONCURRENCY = YES;
				SWIFT_EMIT_LOC_STRINGS = NO;
				SWIFT_UPCOMING_FEATURE_MEMBER_IMPORT_VISIBILITY = YES;
				SWIFT_VERSION = 5.0;
				TARGETED_DEVICE_FAMILY = "1,2";
				TEST_TARGET_NAME = TrueContourAI;
			};
			name = Release;
		};
		13E2D40C2F1D0100003DE022 /* Debug */ = {
			isa = XCBuildConfiguration;
			buildSettings = {
				BUNDLE_LOADER = "$(TEST_HOST)";
				DEVELOPMENT_TEAM = 6S4895V2RV;
				INFOPLIST_FILE = "$(SRCROOT)/TrueContourAITests/Info.plist";
				IPHONEOS_DEPLOYMENT_TARGET = 26.0;
				LD_RUNPATH_SEARCH_PATHS = (
					"$(inherited)",
					"@executable_path/Frameworks",
					"@loader_path/Frameworks",
				);
				PRODUCT_BUNDLE_IDENTIFIER = com.TrueContourAITests;
				PRODUCT_MODULE_NAME = TrueContourAITests;
				PRODUCT_NAME = "$(TARGET_NAME)";
				SDKROOT = iphoneos;
				SUPPORTED_PLATFORMS = "iphonesimulator iphoneos";
				SWIFT_OPTIMIZATION_LEVEL = "-Onone";
				SWIFT_VERSION = 5.0;
				TARGETED_DEVICE_FAMILY = "1,2";
				TEST_HOST = "$(BUILT_PRODUCTS_DIR)/TrueContourAI.app/TrueContourAI";
			};
			name = Debug;
		};
		13E2D40D2F1D0100003DE022 /* Release */ = {
			isa = XCBuildConfiguration;
			buildSettings = {
				BUNDLE_LOADER = "$(TEST_HOST)";
				DEVELOPMENT_TEAM = 6S4895V2RV;
				INFOPLIST_FILE = "$(SRCROOT)/TrueContourAITests/Info.plist";
				IPHONEOS_DEPLOYMENT_TARGET = 26.0;
				LD_RUNPATH_SEARCH_PATHS = (
					"$(inherited)",
					"@executable_path/Frameworks",
					"@loader_path/Frameworks",
				);
				PRODUCT_BUNDLE_IDENTIFIER = com.TrueContourAITests;
				PRODUCT_MODULE_NAME = TrueContourAITests;
				PRODUCT_NAME = "$(TARGET_NAME)";
				SDKROOT = iphoneos;
				SUPPORTED_PLATFORMS = "iphonesimulator iphoneos";
				SWIFT_OPTIMIZATION_LEVEL = "-O";
				SWIFT_VERSION = 5.0;
				TARGETED_DEVICE_FAMILY = "1,2";
				TEST_HOST = "$(BUILT_PRODUCTS_DIR)/TrueContourAI.app/TrueContourAI";
			};
			name = Release;
		};
		7642B80821E679E900BC45C7 /* Debug */ = {
			isa = XCBuildConfiguration;
			buildSettings = {
				ALWAYS_SEARCH_USER_PATHS = NO;
				ASSETCATALOG_COMPILER_GENERATE_SWIFT_ASSET_SYMBOL_EXTENSIONS = YES;
				CLANG_ANALYZER_NONNULL = YES;
				CLANG_ANALYZER_NUMBER_OBJECT_CONVERSION = YES_AGGRESSIVE;
				CLANG_CXX_LANGUAGE_STANDARD = "gnu++17";
				CLANG_CXX_LIBRARY = "libc++";
				CLANG_ENABLE_MODULES = YES;
				CLANG_ENABLE_OBJC_ARC = YES;
				CLANG_ENABLE_OBJC_WEAK = YES;
				CLANG_WARN_BLOCK_CAPTURE_AUTORELEASING = YES;
				CLANG_WARN_BOOL_CONVERSION = YES;
				CLANG_WARN_COMMA = YES;
				CLANG_WARN_CONSTANT_CONVERSION = YES;
				CLANG_WARN_DEPRECATED_OBJC_IMPLEMENTATIONS = YES;
				CLANG_WARN_DIRECT_OBJC_ISA_USAGE = YES_ERROR;
				CLANG_WARN_DOCUMENTATION_COMMENTS = YES;
				CLANG_WARN_EMPTY_BODY = YES;
				CLANG_WARN_ENUM_CONVERSION = YES;
				CLANG_WARN_INFINITE_RECURSION = YES;
				CLANG_WARN_INT_CONVERSION = YES;
				CLANG_WARN_NON_LITERAL_NULL_CONVERSION = YES;
				CLANG_WARN_OBJC_IMPLICIT_RETAIN_SELF = NO;
				CLANG_WARN_OBJC_LITERAL_CONVERSION = YES;
				CLANG_WARN_OBJC_ROOT_CLASS = YES_ERROR;
				CLANG_WARN_QUOTED_INCLUDE_IN_FRAMEWORK_HEADER = YES;
				CLANG_WARN_RANGE_LOOP_ANALYSIS = YES;
				CLANG_WARN_STRICT_PROTOTYPES = YES;
				CLANG_WARN_SUSPICIOUS_MOVE = YES;
				CLANG_WARN_UNGUARDED_AVAILABILITY = YES_AGGRESSIVE;
				CLANG_WARN_UNREACHABLE_CODE = YES;
				CLANG_WARN__DUPLICATE_METHOD_MATCH = YES;
				CODE_SIGN_IDENTITY = "iPhone Developer";
				COPY_PHASE_STRIP = NO;
				DEAD_CODE_STRIPPING = YES;
				DEBUG_INFORMATION_FORMAT = dwarf;
				DEVELOPMENT_TEAM = 6S4895V2RV;
				ENABLE_STRICT_OBJC_MSGSEND = YES;
				ENABLE_TESTABILITY = YES;
				ENABLE_USER_SCRIPT_SANDBOXING = YES;
				GCC_C_LANGUAGE_STANDARD = gnu11;
				GCC_NO_COMMON_BLOCKS = YES;
				GCC_OPTIMIZATION_LEVEL = 0;
				GCC_PREPROCESSOR_DEFINITIONS = (
					"DEBUG=1",
					"$(inherited)",
				);
				GCC_WARN_64_TO_32_BIT_CONVERSION = YES;
				GCC_WARN_ABOUT_RETURN_TYPE = YES_ERROR;
				GCC_WARN_UNDECLARED_SELECTOR = YES;
				GCC_WARN_UNINITIALIZED_AUTOS = YES_AGGRESSIVE;
				GCC_WARN_UNUSED_FUNCTION = YES;
				GCC_WARN_UNUSED_VARIABLE = YES;
				IPHONEOS_DEPLOYMENT_TARGET = 16.6;
				MTL_ENABLE_DEBUG_INFO = INCLUDE_SOURCE;
				MTL_FAST_MATH = YES;
				ONLY_ACTIVE_ARCH = YES;
				STRING_CATALOG_GENERATE_SYMBOLS = YES;
				SWIFT_ACTIVE_COMPILATION_CONDITIONS = DEBUG;
				SWIFT_OPTIMIZATION_LEVEL = "-Onone";
			};
			name = Debug;
		};
		7642B80921E679E900BC45C7 /* Release */ = {
			isa = XCBuildConfiguration;
			buildSettings = {
				ALWAYS_SEARCH_USER_PATHS = NO;
				ASSETCATALOG_COMPILER_GENERATE_SWIFT_ASSET_SYMBOL_EXTENSIONS = YES;
				CLANG_ANALYZER_NONNULL = YES;
				CLANG_ANALYZER_NUMBER_OBJECT_CONVERSION = YES_AGGRESSIVE;
				CLANG_CXX_LANGUAGE_STANDARD = "gnu++17";
				CLANG_CXX_LIBRARY = "libc++";
				CLANG_ENABLE_MODULES = YES;
				CLANG_ENABLE_OBJC_ARC = YES;
				CLANG_ENABLE_OBJC_WEAK = YES;
				CLANG_WARN_BLOCK_CAPTURE_AUTORELEASING = YES;
				CLANG_WARN_BOOL_CONVERSION = YES;
				CLANG_WARN_COMMA = YES;
				CLANG_WARN_CONSTANT_CONVERSION = YES;
				CLANG_WARN_DEPRECATED_OBJC_IMPLEMENTATIONS = YES;
				CLANG_WARN_DIRECT_OBJC_ISA_USAGE = YES_ERROR;
				CLANG_WARN_DOCUMENTATION_COMMENTS = YES;
				CLANG_WARN_EMPTY_BODY = YES;
				CLANG_WARN_ENUM_CONVERSION = YES;
				CLANG_WARN_INFINITE_RECURSION = YES;
				CLANG_WARN_INT_CONVERSION = YES;
				CLANG_WARN_NON_LITERAL_NULL_CONVERSION = YES;
				CLANG_WARN_OBJC_IMPLICIT_RETAIN_SELF = NO;
				CLANG_WARN_OBJC_LITERAL_CONVERSION = YES;
				CLANG_WARN_OBJC_ROOT_CLASS = YES_ERROR;
				CLANG_WARN_QUOTED_INCLUDE_IN_FRAMEWORK_HEADER = YES;
				CLANG_WARN_RANGE_LOOP_ANALYSIS = YES;
				CLANG_WARN_STRICT_PROTOTYPES = YES;
				CLANG_WARN_SUSPICIOUS_MOVE = YES;
				CLANG_WARN_UNGUARDED_AVAILABILITY = YES_AGGRESSIVE;
				CLANG_WARN_UNREACHABLE_CODE = YES;
				CLANG_WARN__DUPLICATE_METHOD_MATCH = YES;
				CODE_SIGN_IDENTITY = "iPhone Developer";
				COPY_PHASE_STRIP = NO;
				DEAD_CODE_STRIPPING = YES;
				DEBUG_INFORMATION_FORMAT = "dwarf-with-dsym";
				DEVELOPMENT_TEAM = 6S4895V2RV;
				ENABLE_NS_ASSERTIONS = NO;
				ENABLE_STRICT_OBJC_MSGSEND = YES;
				ENABLE_USER_SCRIPT_SANDBOXING = YES;
				GCC_C_LANGUAGE_STANDARD = gnu11;
				GCC_NO_COMMON_BLOCKS = YES;
				GCC_WARN_64_TO_32_BIT_CONVERSION = YES;
				GCC_WARN_ABOUT_RETURN_TYPE = YES_ERROR;
				GCC_WARN_UNDECLARED_SELECTOR = YES;
				GCC_WARN_UNINITIALIZED_AUTOS = YES_AGGRESSIVE;
				GCC_WARN_UNUSED_FUNCTION = YES;
				GCC_WARN_UNUSED_VARIABLE = YES;
				IPHONEOS_DEPLOYMENT_TARGET = 16.6;
				MTL_ENABLE_DEBUG_INFO = NO;
				MTL_FAST_MATH = YES;
				STRING_CATALOG_GENERATE_SYMBOLS = YES;
				SWIFT_COMPILATION_MODE = wholemodule;
				SWIFT_OPTIMIZATION_LEVEL = "-O";
				VALIDATE_PRODUCT = YES;
			};
			name = Release;
		};
		7642B80B21E679E900BC45C7 /* Debug */ = {
			isa = XCBuildConfiguration;
			buildSettings = {
				ASSETCATALOG_COMPILER_APPICON_NAME = AppIcon;
				CODE_SIGN_STYLE = Automatic;
				DEVELOPMENT_TEAM = 6S4895V2RV;
				FRAMEWORK_SEARCH_PATHS = (
					"$(PROJECT_DIR)",
					"$(inherited)",
				);
				INFOPLIST_FILE = "$(SRCROOT)/TrueContourAI/Resources/Info.plist";
				INFOPLIST_KEY_CFBundleDisplayName = TrueContourAI;
				INFOPLIST_KEY_UIApplicationSceneManifest_Generation = NO;
				IPHONEOS_DEPLOYMENT_TARGET = 26.0;
				LD_RUNPATH_SEARCH_PATHS = (
					"$(inherited)",
					"@executable_path/Frameworks",
				);
				PRODUCT_BUNDLE_IDENTIFIER = com.TrueContourAI;
				PRODUCT_MODULE_NAME = TrueContourAI;
				PRODUCT_NAME = TrueContourAI;
				SDKROOT = iphoneos;
				SUPPORTED_PLATFORMS = "iphonesimulator iphoneos";
				SWIFT_VERSION = 5.0;
				TARGETED_DEVICE_FAMILY = "1,2";
				VALID_ARCHS = x86_64;
				"VALID_ARCHS[sdk=iphoneos*]" = arm64;
			};
			name = Debug;
		};
		7642B80C21E679E900BC45C7 /* Release */ = {
			isa = XCBuildConfiguration;
			buildSettings = {
				ASSETCATALOG_COMPILER_APPICON_NAME = AppIcon;
				CODE_SIGN_STYLE = Automatic;
				DEVELOPMENT_TEAM = 6S4895V2RV;
				FRAMEWORK_SEARCH_PATHS = (
					"$(inherited)",
					"$(PROJECT_DIR)",
				);
				INFOPLIST_FILE = "$(SRCROOT)/TrueContourAI/Resources/Info.plist";
				INFOPLIST_KEY_CFBundleDisplayName = TrueContourAI;
				INFOPLIST_KEY_UIApplicationSceneManifest_Generation = NO;
				IPHONEOS_DEPLOYMENT_TARGET = 26.0;
				LD_RUNPATH_SEARCH_PATHS = (
					"$(inherited)",
					"@executable_path/Frameworks",
				);
				PRODUCT_BUNDLE_IDENTIFIER = com.TrueContourAI;
				PRODUCT_MODULE_NAME = TrueContourAI;
				PRODUCT_NAME = TrueContourAI;
				SDKROOT = iphoneos;
				SUPPORTED_PLATFORMS = "iphonesimulator iphoneos";
				SWIFT_VERSION = 5.0;
				TARGETED_DEVICE_FAMILY = "1,2";
				VALID_ARCHS = x86_64;
				"VALID_ARCHS[sdk=iphoneos*]" = arm64;
			};
			name = Release;
		};
/* End XCBuildConfiguration section */

/* Begin XCConfigurationList section */
		13806CBC2F20C4AD00A6440D /* Build configuration list for PBXNativeTarget "TrueContourAIUITests" */ = {
			isa = XCConfigurationList;
			buildConfigurations = (
				13806CBD2F20C4AD00A6440D /* Debug */,
				13806CBE2F20C4AD00A6440D /* Release */,
			);
			defaultConfigurationIsVisible = 0;
			defaultConfigurationName = Release;
		};
		13E2D40E2F1D0100003DE022 /* Build configuration list for PBXNativeTarget "TrueContourAITests" */ = {
			isa = XCConfigurationList;
			buildConfigurations = (
				13E2D40C2F1D0100003DE022 /* Debug */,
				13E2D40D2F1D0100003DE022 /* Release */,
			);
			defaultConfigurationIsVisible = 0;
			defaultConfigurationName = Release;
		};
		7642B7F321E679E800BC45C7 /* Build configuration list for PBXProject "TrueContourAI" */ = {
			isa = XCConfigurationList;
			buildConfigurations = (
				7642B80821E679E900BC45C7 /* Debug */,
				7642B80921E679E900BC45C7 /* Release */,
			);
			defaultConfigurationIsVisible = 0;
			defaultConfigurationName = Release;
		};
		7642B80A21E679E900BC45C7 /* Build configuration list for PBXNativeTarget "TrueContourAI" */ = {
			isa = XCConfigurationList;
			buildConfigurations = (
				7642B80B21E679E900BC45C7 /* Debug */,
				7642B80C21E679E900BC45C7 /* Release */,
			);
			defaultConfigurationIsVisible = 0;
			defaultConfigurationName = Release;
		};
/* End XCConfigurationList section */

/* Begin XCLocalSwiftPackageReference section */
		13DD597B2F225E7E00A33CAF /* XCLocalSwiftPackageReference "StandardCyborgUI" */ = {
			isa = XCLocalSwiftPackageReference;
			relativePath = StandardCyborgUI;
		};
		13DD597E2F225EA300A33CAF /* XCLocalSwiftPackageReference "CppDependencies/Eigen" */ = {
			isa = XCLocalSwiftPackageReference;
			relativePath = CppDependencies/Eigen;
		};
		13DD59812F225EBB00A33CAF /* XCLocalSwiftPackageReference "CppDependencies/happly" */ = {
			isa = XCLocalSwiftPackageReference;
			relativePath = CppDependencies/happly;
		};
		13DD59842F225ECE00A33CAF /* XCLocalSwiftPackageReference "CppDependencies/json" */ = {
			isa = XCLocalSwiftPackageReference;
			relativePath = CppDependencies/json;
		};
		13DD59872F225EE100A33CAF /* XCLocalSwiftPackageReference "CppDependencies/nanoflann" */ = {
			isa = XCLocalSwiftPackageReference;
			relativePath = CppDependencies/nanoflann;
		};
		13DD598A2F225EF500A33CAF /* XCLocalSwiftPackageReference "CppDependencies/PoissonRecon" */ = {
			isa = XCLocalSwiftPackageReference;
			relativePath = CppDependencies/PoissonRecon;
		};
		13DD598D2F225F0D00A33CAF /* XCLocalSwiftPackageReference "CppDependencies/SparseICP" */ = {
			isa = XCLocalSwiftPackageReference;
			relativePath = CppDependencies/SparseICP;
		};
		13DD59912F225F2D00A33CAF /* XCLocalSwiftPackageReference "CppDependencies/stb" */ = {
			isa = XCLocalSwiftPackageReference;
			relativePath = CppDependencies/stb;
		};
		13DD59942F225F3E00A33CAF /* XCLocalSwiftPackageReference "CppDependencies/tinygltf" */ = {
			isa = XCLocalSwiftPackageReference;
			relativePath = CppDependencies/tinygltf;
		};
		13DD59972F225F7B00A33CAF /* XCLocalSwiftPackageReference "StandardCyborgFusion" */ = {
			isa = XCLocalSwiftPackageReference;
			relativePath = StandardCyborgFusion;
		};
/* End XCLocalSwiftPackageReference section */

/* Begin XCSwiftPackageProductDependency section */
		13DD597F2F225EA300A33CAF /* Eigen */ = {
			isa = XCSwiftPackageProductDependency;
			productName = Eigen;
		};
		13DD59822F225EBB00A33CAF /* happly */ = {
			isa = XCSwiftPackageProductDependency;
			productName = happly;
		};
		13DD59852F225ECE00A33CAF /* json */ = {
			isa = XCSwiftPackageProductDependency;
			productName = json;
		};
		13DD59882F225EE100A33CAF /* nanoflann */ = {
			isa = XCSwiftPackageProductDependency;
			productName = nanoflann;
		};
		13DD598B2F225EF500A33CAF /* PoissonRecon */ = {
			isa = XCSwiftPackageProductDependency;
			productName = PoissonRecon;
		};
		13DD598E2F225F0D00A33CAF /* SparseICP */ = {
			isa = XCSwiftPackageProductDependency;
			productName = SparseICP;
		};
		13DD59922F225F2D00A33CAF /* stb */ = {
			isa = XCSwiftPackageProductDependency;
			productName = stb;
		};
		13DD59952F225F3E00A33CAF /* tinygltf */ = {
			isa = XCSwiftPackageProductDependency;
			productName = tinygltf;
		};
		766314032CEB185300CC7AF3 /* StandardCyborgFusion */ = {
			isa = XCSwiftPackageProductDependency;
			productName = StandardCyborgFusion;
		};
		766314062CEB186300CC7AF3 /* StandardCyborgUI */ = {
			isa = XCSwiftPackageProductDependency;
			productName = StandardCyborgUI;
		};
/* End XCSwiftPackageProductDependency section */
	};
	rootObject = 7642B7F021E679E800BC45C7 /* Project object */;
}
